// !$*UTF8*$!
{
	archiveVersion = 1;
	classes = {
	};
	objectVersion = 56;
	objects = {

/* Begin PBXBuildFile section */
		481568862B8C4F5E0077530D /* MyIdLib.docc in Sources */ = {isa = PBXBuildFile; fileRef = 481568852B8C4F5E0077530D /* MyIdLib.docc */; };
		4815688C2B8C4F5F0077530D /* MyIdLib.framework in Frameworks */ = {isa = PBXBuildFile; fileRef = 481568812B8C4F5E0077530D /* MyIdLib.framework */; };
		481568912B8C4F5F0077530D /* MyIdLibTests.swift in Sources */ = {isa = PBXBuildFile; fileRef = 481568902B8C4F5F0077530D /* MyIdLibTests.swift */; };
		481568922B8C4F5F0077530D /* MyIdLib.h in Headers */ = {isa = PBXBuildFile; fileRef = 481568842B8C4F5E0077530D /* MyIdLib.h */; settings = {ATTRIBUTES = (Public, ); }; };
		481568A22B8C50280077530D /* AppDelegate.swift in Sources */ = {isa = PBXBuildFile; fileRef = 481568A12B8C50280077530D /* AppDelegate.swift */; };
		481568A42B8C50280077530D /* SceneDelegate.swift in Sources */ = {isa = PBXBuildFile; fileRef = 481568A32B8C50280077530D /* SceneDelegate.swift */; };
		481568A62B8C50280077530D /* ViewController.swift in Sources */ = {isa = PBXBuildFile; fileRef = 481568A52B8C50280077530D /* ViewController.swift */; };
		481568A92B8C50280077530D /* Main.storyboard in Resources */ = {isa = PBXBuildFile; fileRef = 481568A72B8C50280077530D /* Main.storyboard */; };
		481568AB2B8C50290077530D /* Assets.xcassets in Resources */ = {isa = PBXBuildFile; fileRef = 481568AA2B8C50290077530D /* Assets.xcassets */; };
		481568AE2B8C50290077530D /* LaunchScreen.storyboard in Resources */ = {isa = PBXBuildFile; fileRef = 481568AC2B8C50290077530D /* LaunchScreen.storyboard */; };
		481568B52B8C6F070077530D /* MyIdLibConfig.swift in Sources */ = {isa = PBXBuildFile; fileRef = 481568B42B8C6F070077530D /* MyIdLibConfig.swift */; };
		481568B72B8C6FB50077530D /* MyIdLib.swift in Sources */ = {isa = PBXBuildFile; fileRef = 481568B62B8C6FB50077530D /* MyIdLib.swift */; };
		481568BC2B8C72EE0077530D /* Facebook.swift in Sources */ = {isa = PBXBuildFile; fileRef = 481568BB2B8C72EE0077530D /* Facebook.swift */; };
		481568BE2B8C73300077530D /* User.swift in Sources */ = {isa = PBXBuildFile; fileRef = 481568BD2B8C73300077530D /* User.swift */; };
		481568C22B8C77100077530D /* Bundle.swift in Sources */ = {isa = PBXBuildFile; fileRef = 481568C12B8C77100077530D /* Bundle.swift */; };
		481568C52B8C79B10077530D /* XibView.swift in Sources */ = {isa = PBXBuildFile; fileRef = 481568C42B8C79B10077530D /* XibView.swift */; };
		481568C72B8C7A120077530D /* UIView.swift in Sources */ = {isa = PBXBuildFile; fileRef = 481568C62B8C7A120077530D /* UIView.swift */; };
		481569092B8C9E5F0077530D /* MultipartFormData.swift in Sources */ = {isa = PBXBuildFile; fileRef = 481568E72B8C9E5F0077530D /* MultipartFormData.swift */; };
		4815690A2B8C9E5F0077530D /* RequestInterceptor.swift in Sources */ = {isa = PBXBuildFile; fileRef = 481568E82B8C9E5F0077530D /* RequestInterceptor.swift */; };
		4815690B2B8C9E5F0077530D /* NetworkReachabilityManager.swift in Sources */ = {isa = PBXBuildFile; fileRef = 481568E92B8C9E5F0077530D /* NetworkReachabilityManager.swift */; };
		4815690C2B8C9E5F0077530D /* ParameterEncoder.swift in Sources */ = {isa = PBXBuildFile; fileRef = 481568EA2B8C9E5F0077530D /* ParameterEncoder.swift */; };
		4815690D2B8C9E5F0077530D /* URLSessionConfiguration+Alamofire.swift in Sources */ = {isa = PBXBuildFile; fileRef = 481568EB2B8C9E5F0077530D /* URLSessionConfiguration+Alamofire.swift */; };
		4815690E2B8C9E5F0077530D /* Session.swift in Sources */ = {isa = PBXBuildFile; fileRef = 481568EC2B8C9E5F0077530D /* Session.swift */; };
		4815690F2B8C9E5F0077530D /* OperationQueue+Alamofire.swift in Sources */ = {isa = PBXBuildFile; fileRef = 481568ED2B8C9E5F0077530D /* OperationQueue+Alamofire.swift */; };
		481569102B8C9E5F0077530D /* CachedResponseHandler.swift in Sources */ = {isa = PBXBuildFile; fileRef = 481568EE2B8C9E5F0077530D /* CachedResponseHandler.swift */; };
		481569112B8C9E5F0077530D /* DispatchQueue+Alamofire.swift in Sources */ = {isa = PBXBuildFile; fileRef = 481568EF2B8C9E5F0077530D /* DispatchQueue+Alamofire.swift */; };
		481569122B8C9E5F0077530D /* RetryPolicy.swift in Sources */ = {isa = PBXBuildFile; fileRef = 481568F02B8C9E5F0077530D /* RetryPolicy.swift */; };
		481569132B8C9E5F0077530D /* ParameterEncoding.swift in Sources */ = {isa = PBXBuildFile; fileRef = 481568F12B8C9E5F0077530D /* ParameterEncoding.swift */; };
		481569142B8C9E5F0077530D /* ServerTrustEvaluation.swift in Sources */ = {isa = PBXBuildFile; fileRef = 481568F22B8C9E5F0077530D /* ServerTrustEvaluation.swift */; };
		481569152B8C9E5F0077530D /* AFError.swift in Sources */ = {isa = PBXBuildFile; fileRef = 481568F32B8C9E5F0077530D /* AFError.swift */; };
		481569162B8C9E5F0077530D /* RedirectHandler.swift in Sources */ = {isa = PBXBuildFile; fileRef = 481568F42B8C9E5F0077530D /* RedirectHandler.swift */; };
		481569172B8C9E5F0077530D /* URLEncodedFormEncoder.swift in Sources */ = {isa = PBXBuildFile; fileRef = 481568F52B8C9E5F0077530D /* URLEncodedFormEncoder.swift */; };
		481569182B8C9E5F0077530D /* AlamofireExtended.swift in Sources */ = {isa = PBXBuildFile; fileRef = 481568F62B8C9E5F0077530D /* AlamofireExtended.swift */; };
		481569192B8C9E5F0077530D /* HTTPMethod.swift in Sources */ = {isa = PBXBuildFile; fileRef = 481568F72B8C9E5F0077530D /* HTTPMethod.swift */; };
		4815691A2B8C9E5F0077530D /* MultipartUpload.swift in Sources */ = {isa = PBXBuildFile; fileRef = 481568F82B8C9E5F0077530D /* MultipartUpload.swift */; };
		4815691B2B8C9E5F0077530D /* URLRequest+Alamofire.swift in Sources */ = {isa = PBXBuildFile; fileRef = 481568F92B8C9E5F0077530D /* URLRequest+Alamofire.swift */; };
		4815691C2B8C9E5F0077530D /* URLConvertible+URLRequestConvertible.swift in Sources */ = {isa = PBXBuildFile; fileRef = 481568FA2B8C9E5F0077530D /* URLConvertible+URLRequestConvertible.swift */; };
		4815691D2B8C9E5F0077530D /* RequestTaskMap.swift in Sources */ = {isa = PBXBuildFile; fileRef = 481568FB2B8C9E5F0077530D /* RequestTaskMap.swift */; };
		4815691E2B8C9E5F0077530D /* Validation.swift in Sources */ = {isa = PBXBuildFile; fileRef = 481568FC2B8C9E5F0077530D /* Validation.swift */; };
		4815691F2B8C9E5F0077530D /* Notifications.swift in Sources */ = {isa = PBXBuildFile; fileRef = 481568FD2B8C9E5F0077530D /* Notifications.swift */; };
		481569202B8C9E5F0077530D /* Response.swift in Sources */ = {isa = PBXBuildFile; fileRef = 481568FE2B8C9E5F0077530D /* Response.swift */; };
		481569212B8C9E5F0077530D /* Alamofire.swift in Sources */ = {isa = PBXBuildFile; fileRef = 481568FF2B8C9E5F0077530D /* Alamofire.swift */; };
		481569222B8C9E5F0077530D /* Result+Alamofire.swift in Sources */ = {isa = PBXBuildFile; fileRef = 481569002B8C9E5F0077530D /* Result+Alamofire.swift */; };
		481569232B8C9E5F0077530D /* Request.swift in Sources */ = {isa = PBXBuildFile; fileRef = 481569012B8C9E5F0077530D /* Request.swift */; };
		481569252B8C9E5F0077530D /* HTTPHeaders.swift in Sources */ = {isa = PBXBuildFile; fileRef = 481569032B8C9E5F0077530D /* HTTPHeaders.swift */; };
		481569262B8C9E5F0077530D /* EventMonitor.swift in Sources */ = {isa = PBXBuildFile; fileRef = 481569042B8C9E5F0077530D /* EventMonitor.swift */; };
		481569272B8C9E5F0077530D /* ResponseSerialization.swift in Sources */ = {isa = PBXBuildFile; fileRef = 481569052B8C9E5F0077530D /* ResponseSerialization.swift */; };
		481569282B8C9E5F0077530D /* SessionDelegate.swift in Sources */ = {isa = PBXBuildFile; fileRef = 481569062B8C9E5F0077530D /* SessionDelegate.swift */; };
		481569302B8CB02E0077530D /* RequestCompression.swift in Sources */ = {isa = PBXBuildFile; fileRef = 4815692A2B8CB02D0077530D /* RequestCompression.swift */; };
		481569312B8CB02E0077530D /* StringEncoding+Alamofire.swift in Sources */ = {isa = PBXBuildFile; fileRef = 4815692B2B8CB02D0077530D /* StringEncoding+Alamofire.swift */; };
		481569322B8CB02E0077530D /* Concurrency.swift in Sources */ = {isa = PBXBuildFile; fileRef = 4815692C2B8CB02D0077530D /* Concurrency.swift */; };
		481569332B8CB02E0077530D /* Protected.swift in Sources */ = {isa = PBXBuildFile; fileRef = 4815692D2B8CB02D0077530D /* Protected.swift */; };
		481569342B8CB02E0077530D /* Combine.swift in Sources */ = {isa = PBXBuildFile; fileRef = 4815692E2B8CB02D0077530D /* Combine.swift */; };
		481569352B8CB02E0077530D /* AuthenticationInterceptor.swift in Sources */ = {isa = PBXBuildFile; fileRef = 4815692F2B8CB02D0077530D /* AuthenticationInterceptor.swift */; };
		481569372B8CB2940077530D /* APIModel.swift in Sources */ = {isa = PBXBuildFile; fileRef = 481569362B8CB2940077530D /* APIModel.swift */; };
		481569512B8CB54E0077530D /* URLTransform.swift in Sources */ = {isa = PBXBuildFile; fileRef = 481569392B8CB54C0077530D /* URLTransform.swift */; };
		481569522B8CB54E0077530D /* TransformOf.swift in Sources */ = {isa = PBXBuildFile; fileRef = 4815693A2B8CB54C0077530D /* TransformOf.swift */; };
		481569532B8CB54E0077530D /* EnumTransform.swift in Sources */ = {isa = PBXBuildFile; fileRef = 4815693B2B8CB54C0077530D /* EnumTransform.swift */; };
		481569542B8CB54E0077530D /* CodableTransform.swift in Sources */ = {isa = PBXBuildFile; fileRef = 4815693C2B8CB54C0077530D /* CodableTransform.swift */; };
		481569552B8CB54E0077530D /* DictionaryTransform.swift in Sources */ = {isa = PBXBuildFile; fileRef = 4815693D2B8CB54C0077530D /* DictionaryTransform.swift */; };
		481569562B8CB54E0077530D /* FromJSON.swift in Sources */ = {isa = PBXBuildFile; fileRef = 4815693E2B8CB54C0077530D /* FromJSON.swift */; };
		481569572B8CB54E0077530D /* DateFormatterTransform.swift in Sources */ = {isa = PBXBuildFile; fileRef = 4815693F2B8CB54C0077530D /* DateFormatterTransform.swift */; };
		481569582B8CB54E0077530D /* DataTransform.swift in Sources */ = {isa = PBXBuildFile; fileRef = 481569402B8CB54C0077530D /* DataTransform.swift */; };
		481569592B8CB54E0077530D /* CustomDateFormatTransform.swift in Sources */ = {isa = PBXBuildFile; fileRef = 481569412B8CB54C0077530D /* CustomDateFormatTransform.swift */; };
		4815695A2B8CB54E0077530D /* Map.swift in Sources */ = {isa = PBXBuildFile; fileRef = 481569422B8CB54C0077530D /* Map.swift */; };
		4815695B2B8CB54E0077530D /* TransformType.swift in Sources */ = {isa = PBXBuildFile; fileRef = 481569432B8CB54C0077530D /* TransformType.swift */; };
		4815695C2B8CB54E0077530D /* ToJSON.swift in Sources */ = {isa = PBXBuildFile; fileRef = 481569442B8CB54D0077530D /* ToJSON.swift */; };
		4815695D2B8CB54E0077530D /* MapError.swift in Sources */ = {isa = PBXBuildFile; fileRef = 481569452B8CB54D0077530D /* MapError.swift */; };
		4815695E2B8CB54E0077530D /* HexColorTransform.swift in Sources */ = {isa = PBXBuildFile; fileRef = 481569462B8CB54D0077530D /* HexColorTransform.swift */; };
		4815695F2B8CB54E0077530D /* IntegerOperators.swift in Sources */ = {isa = PBXBuildFile; fileRef = 481569472B8CB54D0077530D /* IntegerOperators.swift */; };
		481569602B8CB54E0077530D /* Operators.swift in Sources */ = {isa = PBXBuildFile; fileRef = 481569482B8CB54D0077530D /* Operators.swift */; };
		481569612B8CB54E0077530D /* DateTransform.swift in Sources */ = {isa = PBXBuildFile; fileRef = 481569492B8CB54D0077530D /* DateTransform.swift */; };
		481569622B8CB54E0077530D /* ISO8601DateTransform.swift in Sources */ = {isa = PBXBuildFile; fileRef = 4815694A2B8CB54D0077530D /* ISO8601DateTransform.swift */; };
		481569632B8CB54E0077530D /* NSDecimalNumberTransform.swift in Sources */ = {isa = PBXBuildFile; fileRef = 4815694B2B8CB54D0077530D /* NSDecimalNumberTransform.swift */; };
		481569642B8CB54E0077530D /* ImmutableMappable.swift in Sources */ = {isa = PBXBuildFile; fileRef = 4815694C2B8CB54D0077530D /* ImmutableMappable.swift */; };
		481569652B8CB54E0077530D /* Mappable.swift in Sources */ = {isa = PBXBuildFile; fileRef = 4815694D2B8CB54D0077530D /* Mappable.swift */; };
		481569662B8CB54E0077530D /* TransformOperators.swift in Sources */ = {isa = PBXBuildFile; fileRef = 4815694E2B8CB54E0077530D /* TransformOperators.swift */; };
		481569672B8CB54E0077530D /* EnumOperators.swift in Sources */ = {isa = PBXBuildFile; fileRef = 4815694F2B8CB54E0077530D /* EnumOperators.swift */; };
		481569682B8CB54E0077530D /* Mapper.swift in Sources */ = {isa = PBXBuildFile; fileRef = 481569502B8CB54E0077530D /* Mapper.swift */; };
/* End PBXBuildFile section */

/* Begin PBXContainerItemProxy section */
		4815688D2B8C4F5F0077530D /* PBXContainerItemProxy */ = {
			isa = PBXContainerItemProxy;
			containerPortal = 481568782B8C4F5E0077530D /* Project object */;
			proxyType = 1;
			remoteGlobalIDString = 481568802B8C4F5E0077530D;
			remoteInfo = MyIdLib;
		};
/* End PBXContainerItemProxy section */

/* Begin PBXFileReference section */
		481568812B8C4F5E0077530D /* MyIdLib.framework */ = {isa = PBXFileReference; explicitFileType = wrapper.framework; includeInIndex = 0; path = MyIdLib.framework; sourceTree = BUILT_PRODUCTS_DIR; };
		481568842B8C4F5E0077530D /* MyIdLib.h */ = {isa = PBXFileReference; lastKnownFileType = sourcecode.c.h; path = MyIdLib.h; sourceTree = "<group>"; };
		481568852B8C4F5E0077530D /* MyIdLib.docc */ = {isa = PBXFileReference; lastKnownFileType = folder.documentationcatalog; path = MyIdLib.docc; sourceTree = "<group>"; };
		4815688B2B8C4F5F0077530D /* MyIdLibTests.xctest */ = {isa = PBXFileReference; explicitFileType = wrapper.cfbundle; includeInIndex = 0; path = MyIdLibTests.xctest; sourceTree = BUILT_PRODUCTS_DIR; };
		481568902B8C4F5F0077530D /* MyIdLibTests.swift */ = {isa = PBXFileReference; lastKnownFileType = sourcecode.swift; path = MyIdLibTests.swift; sourceTree = "<group>"; };
		4815689F2B8C50280077530D /* MyIdExample.app */ = {isa = PBXFileReference; explicitFileType = wrapper.application; includeInIndex = 0; path = MyIdExample.app; sourceTree = BUILT_PRODUCTS_DIR; };
		481568A12B8C50280077530D /* AppDelegate.swift */ = {isa = PBXFileReference; lastKnownFileType = sourcecode.swift; path = AppDelegate.swift; sourceTree = "<group>"; };
		481568A32B8C50280077530D /* SceneDelegate.swift */ = {isa = PBXFileReference; lastKnownFileType = sourcecode.swift; path = SceneDelegate.swift; sourceTree = "<group>"; };
		481568A52B8C50280077530D /* ViewController.swift */ = {isa = PBXFileReference; lastKnownFileType = sourcecode.swift; path = ViewController.swift; sourceTree = "<group>"; };
		481568A82B8C50280077530D /* Base */ = {isa = PBXFileReference; lastKnownFileType = file.storyboard; name = Base; path = Base.lproj/Main.storyboard; sourceTree = "<group>"; };
		481568AA2B8C50290077530D /* Assets.xcassets */ = {isa = PBXFileReference; lastKnownFileType = folder.assetcatalog; path = Assets.xcassets; sourceTree = "<group>"; };
		481568AD2B8C50290077530D /* Base */ = {isa = PBXFileReference; lastKnownFileType = file.storyboard; name = Base; path = Base.lproj/LaunchScreen.storyboard; sourceTree = "<group>"; };
		481568AF2B8C50290077530D /* Info.plist */ = {isa = PBXFileReference; lastKnownFileType = text.plist.xml; path = Info.plist; sourceTree = "<group>"; };
		481568B42B8C6F070077530D /* MyIdLibConfig.swift */ = {isa = PBXFileReference; lastKnownFileType = sourcecode.swift; path = MyIdLibConfig.swift; sourceTree = "<group>"; };
		481568B62B8C6FB50077530D /* MyIdLib.swift */ = {isa = PBXFileReference; lastKnownFileType = sourcecode.swift; path = MyIdLib.swift; sourceTree = "<group>"; };
		481568BB2B8C72EE0077530D /* Facebook.swift */ = {isa = PBXFileReference; lastKnownFileType = sourcecode.swift; path = Facebook.swift; sourceTree = "<group>"; };
		481568BD2B8C73300077530D /* User.swift */ = {isa = PBXFileReference; lastKnownFileType = sourcecode.swift; path = User.swift; sourceTree = "<group>"; };
		481568C12B8C77100077530D /* Bundle.swift */ = {isa = PBXFileReference; lastKnownFileType = sourcecode.swift; path = Bundle.swift; sourceTree = "<group>"; };
		481568C42B8C79B10077530D /* XibView.swift */ = {isa = PBXFileReference; lastKnownFileType = sourcecode.swift; path = XibView.swift; sourceTree = "<group>"; };
		481568C62B8C7A120077530D /* UIView.swift */ = {isa = PBXFileReference; lastKnownFileType = sourcecode.swift; path = UIView.swift; sourceTree = "<group>"; };
		481568E72B8C9E5F0077530D /* MultipartFormData.swift */ = {isa = PBXFileReference; fileEncoding = 4; lastKnownFileType = sourcecode.swift; path = MultipartFormData.swift; sourceTree = "<group>"; };
		481568E82B8C9E5F0077530D /* RequestInterceptor.swift */ = {isa = PBXFileReference; fileEncoding = 4; lastKnownFileType = sourcecode.swift; path = RequestInterceptor.swift; sourceTree = "<group>"; };
		481568E92B8C9E5F0077530D /* NetworkReachabilityManager.swift */ = {isa = PBXFileReference; fileEncoding = 4; lastKnownFileType = sourcecode.swift; path = NetworkReachabilityManager.swift; sourceTree = "<group>"; };
		481568EA2B8C9E5F0077530D /* ParameterEncoder.swift */ = {isa = PBXFileReference; fileEncoding = 4; lastKnownFileType = sourcecode.swift; path = ParameterEncoder.swift; sourceTree = "<group>"; };
		481568EB2B8C9E5F0077530D /* URLSessionConfiguration+Alamofire.swift */ = {isa = PBXFileReference; fileEncoding = 4; lastKnownFileType = sourcecode.swift; path = "URLSessionConfiguration+Alamofire.swift"; sourceTree = "<group>"; };
		481568EC2B8C9E5F0077530D /* Session.swift */ = {isa = PBXFileReference; fileEncoding = 4; lastKnownFileType = sourcecode.swift; path = Session.swift; sourceTree = "<group>"; };
		481568ED2B8C9E5F0077530D /* OperationQueue+Alamofire.swift */ = {isa = PBXFileReference; fileEncoding = 4; lastKnownFileType = sourcecode.swift; path = "OperationQueue+Alamofire.swift"; sourceTree = "<group>"; };
		481568EE2B8C9E5F0077530D /* CachedResponseHandler.swift */ = {isa = PBXFileReference; fileEncoding = 4; lastKnownFileType = sourcecode.swift; path = CachedResponseHandler.swift; sourceTree = "<group>"; };
		481568EF2B8C9E5F0077530D /* DispatchQueue+Alamofire.swift */ = {isa = PBXFileReference; fileEncoding = 4; lastKnownFileType = sourcecode.swift; path = "DispatchQueue+Alamofire.swift"; sourceTree = "<group>"; };
		481568F02B8C9E5F0077530D /* RetryPolicy.swift */ = {isa = PBXFileReference; fileEncoding = 4; lastKnownFileType = sourcecode.swift; path = RetryPolicy.swift; sourceTree = "<group>"; };
		481568F12B8C9E5F0077530D /* ParameterEncoding.swift */ = {isa = PBXFileReference; fileEncoding = 4; lastKnownFileType = sourcecode.swift; path = ParameterEncoding.swift; sourceTree = "<group>"; };
		481568F22B8C9E5F0077530D /* ServerTrustEvaluation.swift */ = {isa = PBXFileReference; fileEncoding = 4; lastKnownFileType = sourcecode.swift; path = ServerTrustEvaluation.swift; sourceTree = "<group>"; };
		481568F32B8C9E5F0077530D /* AFError.swift */ = {isa = PBXFileReference; fileEncoding = 4; lastKnownFileType = sourcecode.swift; path = AFError.swift; sourceTree = "<group>"; };
		481568F42B8C9E5F0077530D /* RedirectHandler.swift */ = {isa = PBXFileReference; fileEncoding = 4; lastKnownFileType = sourcecode.swift; path = RedirectHandler.swift; sourceTree = "<group>"; };
		481568F52B8C9E5F0077530D /* URLEncodedFormEncoder.swift */ = {isa = PBXFileReference; fileEncoding = 4; lastKnownFileType = sourcecode.swift; path = URLEncodedFormEncoder.swift; sourceTree = "<group>"; };
		481568F62B8C9E5F0077530D /* AlamofireExtended.swift */ = {isa = PBXFileReference; fileEncoding = 4; lastKnownFileType = sourcecode.swift; path = AlamofireExtended.swift; sourceTree = "<group>"; };
		481568F72B8C9E5F0077530D /* HTTPMethod.swift */ = {isa = PBXFileReference; fileEncoding = 4; lastKnownFileType = sourcecode.swift; path = HTTPMethod.swift; sourceTree = "<group>"; };
		481568F82B8C9E5F0077530D /* MultipartUpload.swift */ = {isa = PBXFileReference; fileEncoding = 4; lastKnownFileType = sourcecode.swift; path = MultipartUpload.swift; sourceTree = "<group>"; };
		481568F92B8C9E5F0077530D /* URLRequest+Alamofire.swift */ = {isa = PBXFileReference; fileEncoding = 4; lastKnownFileType = sourcecode.swift; path = "URLRequest+Alamofire.swift"; sourceTree = "<group>"; };
		481568FA2B8C9E5F0077530D /* URLConvertible+URLRequestConvertible.swift */ = {isa = PBXFileReference; fileEncoding = 4; lastKnownFileType = sourcecode.swift; path = "URLConvertible+URLRequestConvertible.swift"; sourceTree = "<group>"; };
		481568FB2B8C9E5F0077530D /* RequestTaskMap.swift */ = {isa = PBXFileReference; fileEncoding = 4; lastKnownFileType = sourcecode.swift; path = RequestTaskMap.swift; sourceTree = "<group>"; };
		481568FC2B8C9E5F0077530D /* Validation.swift */ = {isa = PBXFileReference; fileEncoding = 4; lastKnownFileType = sourcecode.swift; path = Validation.swift; sourceTree = "<group>"; };
		481568FD2B8C9E5F0077530D /* Notifications.swift */ = {isa = PBXFileReference; fileEncoding = 4; lastKnownFileType = sourcecode.swift; path = Notifications.swift; sourceTree = "<group>"; };
		481568FE2B8C9E5F0077530D /* Response.swift */ = {isa = PBXFileReference; fileEncoding = 4; lastKnownFileType = sourcecode.swift; path = Response.swift; sourceTree = "<group>"; };
		481568FF2B8C9E5F0077530D /* Alamofire.swift */ = {isa = PBXFileReference; fileEncoding = 4; lastKnownFileType = sourcecode.swift; path = Alamofire.swift; sourceTree = "<group>"; };
		481569002B8C9E5F0077530D /* Result+Alamofire.swift */ = {isa = PBXFileReference; fileEncoding = 4; lastKnownFileType = sourcecode.swift; path = "Result+Alamofire.swift"; sourceTree = "<group>"; };
		481569012B8C9E5F0077530D /* Request.swift */ = {isa = PBXFileReference; fileEncoding = 4; lastKnownFileType = sourcecode.swift; path = Request.swift; sourceTree = "<group>"; };
		481569032B8C9E5F0077530D /* HTTPHeaders.swift */ = {isa = PBXFileReference; fileEncoding = 4; lastKnownFileType = sourcecode.swift; path = HTTPHeaders.swift; sourceTree = "<group>"; };
		481569042B8C9E5F0077530D /* EventMonitor.swift */ = {isa = PBXFileReference; fileEncoding = 4; lastKnownFileType = sourcecode.swift; path = EventMonitor.swift; sourceTree = "<group>"; };
		481569052B8C9E5F0077530D /* ResponseSerialization.swift */ = {isa = PBXFileReference; fileEncoding = 4; lastKnownFileType = sourcecode.swift; path = ResponseSerialization.swift; sourceTree = "<group>"; };
		481569062B8C9E5F0077530D /* SessionDelegate.swift */ = {isa = PBXFileReference; fileEncoding = 4; lastKnownFileType = sourcecode.swift; path = SessionDelegate.swift; sourceTree = "<group>"; };
		4815692A2B8CB02D0077530D /* RequestCompression.swift */ = {isa = PBXFileReference; fileEncoding = 4; lastKnownFileType = sourcecode.swift; path = RequestCompression.swift; sourceTree = "<group>"; };
		4815692B2B8CB02D0077530D /* StringEncoding+Alamofire.swift */ = {isa = PBXFileReference; fileEncoding = 4; lastKnownFileType = sourcecode.swift; path = "StringEncoding+Alamofire.swift"; sourceTree = "<group>"; };
		4815692C2B8CB02D0077530D /* Concurrency.swift */ = {isa = PBXFileReference; fileEncoding = 4; lastKnownFileType = sourcecode.swift; path = Concurrency.swift; sourceTree = "<group>"; };
		4815692D2B8CB02D0077530D /* Protected.swift */ = {isa = PBXFileReference; fileEncoding = 4; lastKnownFileType = sourcecode.swift; path = Protected.swift; sourceTree = "<group>"; };
		4815692E2B8CB02D0077530D /* Combine.swift */ = {isa = PBXFileReference; fileEncoding = 4; lastKnownFileType = sourcecode.swift; path = Combine.swift; sourceTree = "<group>"; };
		4815692F2B8CB02D0077530D /* AuthenticationInterceptor.swift */ = {isa = PBXFileReference; fileEncoding = 4; lastKnownFileType = sourcecode.swift; path = AuthenticationInterceptor.swift; sourceTree = "<group>"; };
		481569362B8CB2940077530D /* APIModel.swift */ = {isa = PBXFileReference; lastKnownFileType = sourcecode.swift; path = APIModel.swift; sourceTree = "<group>"; };
		481569392B8CB54C0077530D /* URLTransform.swift */ = {isa = PBXFileReference; fileEncoding = 4; lastKnownFileType = sourcecode.swift; path = URLTransform.swift; sourceTree = "<group>"; };
		4815693A2B8CB54C0077530D /* TransformOf.swift */ = {isa = PBXFileReference; fileEncoding = 4; lastKnownFileType = sourcecode.swift; path = TransformOf.swift; sourceTree = "<group>"; };
		4815693B2B8CB54C0077530D /* EnumTransform.swift */ = {isa = PBXFileReference; fileEncoding = 4; lastKnownFileType = sourcecode.swift; path = EnumTransform.swift; sourceTree = "<group>"; };
		4815693C2B8CB54C0077530D /* CodableTransform.swift */ = {isa = PBXFileReference; fileEncoding = 4; lastKnownFileType = sourcecode.swift; path = CodableTransform.swift; sourceTree = "<group>"; };
		4815693D2B8CB54C0077530D /* DictionaryTransform.swift */ = {isa = PBXFileReference; fileEncoding = 4; lastKnownFileType = sourcecode.swift; path = DictionaryTransform.swift; sourceTree = "<group>"; };
		4815693E2B8CB54C0077530D /* FromJSON.swift */ = {isa = PBXFileReference; fileEncoding = 4; lastKnownFileType = sourcecode.swift; path = FromJSON.swift; sourceTree = "<group>"; };
		4815693F2B8CB54C0077530D /* DateFormatterTransform.swift */ = {isa = PBXFileReference; fileEncoding = 4; lastKnownFileType = sourcecode.swift; path = DateFormatterTransform.swift; sourceTree = "<group>"; };
		481569402B8CB54C0077530D /* DataTransform.swift */ = {isa = PBXFileReference; fileEncoding = 4; lastKnownFileType = sourcecode.swift; path = DataTransform.swift; sourceTree = "<group>"; };
		481569412B8CB54C0077530D /* CustomDateFormatTransform.swift */ = {isa = PBXFileReference; fileEncoding = 4; lastKnownFileType = sourcecode.swift; path = CustomDateFormatTransform.swift; sourceTree = "<group>"; };
		481569422B8CB54C0077530D /* Map.swift */ = {isa = PBXFileReference; fileEncoding = 4; lastKnownFileType = sourcecode.swift; path = Map.swift; sourceTree = "<group>"; };
		481569432B8CB54C0077530D /* TransformType.swift */ = {isa = PBXFileReference; fileEncoding = 4; lastKnownFileType = sourcecode.swift; path = TransformType.swift; sourceTree = "<group>"; };
		481569442B8CB54D0077530D /* ToJSON.swift */ = {isa = PBXFileReference; fileEncoding = 4; lastKnownFileType = sourcecode.swift; path = ToJSON.swift; sourceTree = "<group>"; };
		481569452B8CB54D0077530D /* MapError.swift */ = {isa = PBXFileReference; fileEncoding = 4; lastKnownFileType = sourcecode.swift; path = MapError.swift; sourceTree = "<group>"; };
		481569462B8CB54D0077530D /* HexColorTransform.swift */ = {isa = PBXFileReference; fileEncoding = 4; lastKnownFileType = sourcecode.swift; path = HexColorTransform.swift; sourceTree = "<group>"; };
		481569472B8CB54D0077530D /* IntegerOperators.swift */ = {isa = PBXFileReference; fileEncoding = 4; lastKnownFileType = sourcecode.swift; path = IntegerOperators.swift; sourceTree = "<group>"; };
		481569482B8CB54D0077530D /* Operators.swift */ = {isa = PBXFileReference; fileEncoding = 4; lastKnownFileType = sourcecode.swift; path = Operators.swift; sourceTree = "<group>"; };
		481569492B8CB54D0077530D /* DateTransform.swift */ = {isa = PBXFileReference; fileEncoding = 4; lastKnownFileType = sourcecode.swift; path = DateTransform.swift; sourceTree = "<group>"; };
		4815694A2B8CB54D0077530D /* ISO8601DateTransform.swift */ = {isa = PBXFileReference; fileEncoding = 4; lastKnownFileType = sourcecode.swift; path = ISO8601DateTransform.swift; sourceTree = "<group>"; };
		4815694B2B8CB54D0077530D /* NSDecimalNumberTransform.swift */ = {isa = PBXFileReference; fileEncoding = 4; lastKnownFileType = sourcecode.swift; path = NSDecimalNumberTransform.swift; sourceTree = "<group>"; };
		4815694C2B8CB54D0077530D /* ImmutableMappable.swift */ = {isa = PBXFileReference; fileEncoding = 4; lastKnownFileType = sourcecode.swift; path = ImmutableMappable.swift; sourceTree = "<group>"; };
		4815694D2B8CB54D0077530D /* Mappable.swift */ = {isa = PBXFileReference; fileEncoding = 4; lastKnownFileType = sourcecode.swift; path = Mappable.swift; sourceTree = "<group>"; };
		4815694E2B8CB54E0077530D /* TransformOperators.swift */ = {isa = PBXFileReference; fileEncoding = 4; lastKnownFileType = sourcecode.swift; path = TransformOperators.swift; sourceTree = "<group>"; };
		4815694F2B8CB54E0077530D /* EnumOperators.swift */ = {isa = PBXFileReference; fileEncoding = 4; lastKnownFileType = sourcecode.swift; path = EnumOperators.swift; sourceTree = "<group>"; };
		481569502B8CB54E0077530D /* Mapper.swift */ = {isa = PBXFileReference; fileEncoding = 4; lastKnownFileType = sourcecode.swift; path = Mapper.swift; sourceTree = "<group>"; };
/* End PBXFileReference section */

/* Begin PBXFrameworksBuildPhase section */
		4815687E2B8C4F5E0077530D /* Frameworks */ = {
			isa = PBXFrameworksBuildPhase;
			buildActionMask = 2147483647;
			files = (
			);
			runOnlyForDeploymentPostprocessing = 0;
		};
		481568882B8C4F5F0077530D /* Frameworks */ = {
			isa = PBXFrameworksBuildPhase;
			buildActionMask = 2147483647;
			files = (
				4815688C2B8C4F5F0077530D /* MyIdLib.framework in Frameworks */,
			);
			runOnlyForDeploymentPostprocessing = 0;
		};
		4815689C2B8C50280077530D /* Frameworks */ = {
			isa = PBXFrameworksBuildPhase;
			buildActionMask = 2147483647;
			files = (
			);
			runOnlyForDeploymentPostprocessing = 0;
		};
/* End PBXFrameworksBuildPhase section */

/* Begin PBXGroup section */
		481568772B8C4F5E0077530D = {
			isa = PBXGroup;
			children = (
				481568832B8C4F5E0077530D /* MyIdLib */,
				4815688F2B8C4F5F0077530D /* MyIdLibTests */,
				481568A02B8C50280077530D /* MyIdExample */,
				481568822B8C4F5E0077530D /* Products */,
			);
			sourceTree = "<group>";
		};
		481568822B8C4F5E0077530D /* Products */ = {
			isa = PBXGroup;
			children = (
				481568812B8C4F5E0077530D /* MyIdLib.framework */,
				4815688B2B8C4F5F0077530D /* MyIdLibTests.xctest */,
				4815689F2B8C50280077530D /* MyIdExample.app */,
			);
			name = Products;
			sourceTree = "<group>";
		};
		481568832B8C4F5E0077530D /* MyIdLib */ = {
			isa = PBXGroup;
			children = (
				481568BA2B8C72DA0077530D /* Model */,
				481568B82B8C72550077530D /* Service */,
				481568B32B8C6D400077530D /* Helper */,
				481568B92B8C72880077530D /* SupportingFiles */,
				481568B42B8C6F070077530D /* MyIdLibConfig.swift */,
				481568B62B8C6FB50077530D /* MyIdLib.swift */,
			);
			path = MyIdLib;
			sourceTree = "<group>";
		};
		4815688F2B8C4F5F0077530D /* MyIdLibTests */ = {
			isa = PBXGroup;
			children = (
				481568902B8C4F5F0077530D /* MyIdLibTests.swift */,
			);
			path = MyIdLibTests;
			sourceTree = "<group>";
		};
		481568A02B8C50280077530D /* MyIdExample */ = {
			isa = PBXGroup;
			children = (
				481568A12B8C50280077530D /* AppDelegate.swift */,
				481568A32B8C50280077530D /* SceneDelegate.swift */,
				481568A52B8C50280077530D /* ViewController.swift */,
				481568A72B8C50280077530D /* Main.storyboard */,
				481568AA2B8C50290077530D /* Assets.xcassets */,
				481568AC2B8C50290077530D /* LaunchScreen.storyboard */,
				481568AF2B8C50290077530D /* Info.plist */,
			);
			path = MyIdExample;
			sourceTree = "<group>";
		};
		481568B32B8C6D400077530D /* Helper */ = {
			isa = PBXGroup;
			children = (
				481568E32B8C9E470077530D /* Lib */,
				481568C32B8C799F0077530D /* Components */,
				481568BF2B8C76F70077530D /* Extension */,
			);
			path = Helper;
			sourceTree = "<group>";
		};
		481568B82B8C72550077530D /* Service */ = {
			isa = PBXGroup;
			children = (
				481569362B8CB2940077530D /* APIModel.swift */,
			);
			path = Service;
			sourceTree = "<group>";
		};
		481568B92B8C72880077530D /* SupportingFiles */ = {
			isa = PBXGroup;
			children = (
				481568852B8C4F5E0077530D /* MyIdLib.docc */,
				481568842B8C4F5E0077530D /* MyIdLib.h */,
			);
			name = SupportingFiles;
			sourceTree = "<group>";
		};
		481568BA2B8C72DA0077530D /* Model */ = {
			isa = PBXGroup;
			children = (
				481568BB2B8C72EE0077530D /* Facebook.swift */,
				481568BD2B8C73300077530D /* User.swift */,
			);
			path = Model;
			sourceTree = "<group>";
		};
		481568BF2B8C76F70077530D /* Extension */ = {
			isa = PBXGroup;
			children = (
				481568C12B8C77100077530D /* Bundle.swift */,
				481568C62B8C7A120077530D /* UIView.swift */,
			);
			path = Extension;
			sourceTree = "<group>";
		};
		481568C32B8C799F0077530D /* Components */ = {
			isa = PBXGroup;
			children = (
				481568C42B8C79B10077530D /* XibView.swift */,
			);
			path = Components;
			sourceTree = "<group>";
		};
		481568E32B8C9E470077530D /* Lib */ = {
			isa = PBXGroup;
			children = (
				481569382B8CB3990077530D /* ObjectMapper */,
				481568E42B8C9E5F0077530D /* Alamofire */,
			);
			path = Lib;
			sourceTree = "<group>";
		};
		481568E42B8C9E5F0077530D /* Alamofire */ = {
			isa = PBXGroup;
			children = (
				4815692F2B8CB02D0077530D /* AuthenticationInterceptor.swift */,
				4815692E2B8CB02D0077530D /* Combine.swift */,
				4815692C2B8CB02D0077530D /* Concurrency.swift */,
				4815692D2B8CB02D0077530D /* Protected.swift */,
				4815692A2B8CB02D0077530D /* RequestCompression.swift */,
				4815692B2B8CB02D0077530D /* StringEncoding+Alamofire.swift */,
				481568E72B8C9E5F0077530D /* MultipartFormData.swift */,
				481568E82B8C9E5F0077530D /* RequestInterceptor.swift */,
				481568E92B8C9E5F0077530D /* NetworkReachabilityManager.swift */,
				481568EA2B8C9E5F0077530D /* ParameterEncoder.swift */,
				481568EB2B8C9E5F0077530D /* URLSessionConfiguration+Alamofire.swift */,
				481568EC2B8C9E5F0077530D /* Session.swift */,
				481568ED2B8C9E5F0077530D /* OperationQueue+Alamofire.swift */,
				481568EE2B8C9E5F0077530D /* CachedResponseHandler.swift */,
				481568EF2B8C9E5F0077530D /* DispatchQueue+Alamofire.swift */,
				481568F02B8C9E5F0077530D /* RetryPolicy.swift */,
				481568F12B8C9E5F0077530D /* ParameterEncoding.swift */,
				481568F22B8C9E5F0077530D /* ServerTrustEvaluation.swift */,
				481568F32B8C9E5F0077530D /* AFError.swift */,
				481568F42B8C9E5F0077530D /* RedirectHandler.swift */,
				481568F52B8C9E5F0077530D /* URLEncodedFormEncoder.swift */,
				481568F62B8C9E5F0077530D /* AlamofireExtended.swift */,
				481568F72B8C9E5F0077530D /* HTTPMethod.swift */,
				481568F82B8C9E5F0077530D /* MultipartUpload.swift */,
				481568F92B8C9E5F0077530D /* URLRequest+Alamofire.swift */,
				481568FA2B8C9E5F0077530D /* URLConvertible+URLRequestConvertible.swift */,
				481568FB2B8C9E5F0077530D /* RequestTaskMap.swift */,
				481568FC2B8C9E5F0077530D /* Validation.swift */,
				481568FD2B8C9E5F0077530D /* Notifications.swift */,
				481568FE2B8C9E5F0077530D /* Response.swift */,
				481568FF2B8C9E5F0077530D /* Alamofire.swift */,
				481569002B8C9E5F0077530D /* Result+Alamofire.swift */,
				481569012B8C9E5F0077530D /* Request.swift */,
				481569032B8C9E5F0077530D /* HTTPHeaders.swift */,
				481569042B8C9E5F0077530D /* EventMonitor.swift */,
				481569052B8C9E5F0077530D /* ResponseSerialization.swift */,
				481569062B8C9E5F0077530D /* SessionDelegate.swift */,
			);
			path = Alamofire;
			sourceTree = "<group>";
		};
		481569382B8CB3990077530D /* ObjectMapper */ = {
			isa = PBXGroup;
			children = (
				4815693C2B8CB54C0077530D /* CodableTransform.swift */,
				481569412B8CB54C0077530D /* CustomDateFormatTransform.swift */,
				481569402B8CB54C0077530D /* DataTransform.swift */,
				4815693F2B8CB54C0077530D /* DateFormatterTransform.swift */,
				481569492B8CB54D0077530D /* DateTransform.swift */,
				4815693D2B8CB54C0077530D /* DictionaryTransform.swift */,
				4815694F2B8CB54E0077530D /* EnumOperators.swift */,
				4815693B2B8CB54C0077530D /* EnumTransform.swift */,
				4815693E2B8CB54C0077530D /* FromJSON.swift */,
				481569462B8CB54D0077530D /* HexColorTransform.swift */,
				4815694C2B8CB54D0077530D /* ImmutableMappable.swift */,
				481569472B8CB54D0077530D /* IntegerOperators.swift */,
				4815694A2B8CB54D0077530D /* ISO8601DateTransform.swift */,
				481569422B8CB54C0077530D /* Map.swift */,
				481569452B8CB54D0077530D /* MapError.swift */,
				4815694D2B8CB54D0077530D /* Mappable.swift */,
				481569502B8CB54E0077530D /* Mapper.swift */,
				4815694B2B8CB54D0077530D /* NSDecimalNumberTransform.swift */,
				481569482B8CB54D0077530D /* Operators.swift */,
				481569442B8CB54D0077530D /* ToJSON.swift */,
				4815693A2B8CB54C0077530D /* TransformOf.swift */,
				4815694E2B8CB54E0077530D /* TransformOperators.swift */,
				481569432B8CB54C0077530D /* TransformType.swift */,
				481569392B8CB54C0077530D /* URLTransform.swift */,
			);
			path = ObjectMapper;
			sourceTree = "<group>";
		};
/* End PBXGroup section */

/* Begin PBXHeadersBuildPhase section */
		4815687C2B8C4F5E0077530D /* Headers */ = {
			isa = PBXHeadersBuildPhase;
			buildActionMask = 2147483647;
			files = (
				481568922B8C4F5F0077530D /* MyIdLib.h in Headers */,
			);
			runOnlyForDeploymentPostprocessing = 0;
		};
/* End PBXHeadersBuildPhase section */

/* Begin PBXNativeTarget section */
		481568802B8C4F5E0077530D /* MyIdLib */ = {
			isa = PBXNativeTarget;
			buildConfigurationList = 481568952B8C4F5F0077530D /* Build configuration list for PBXNativeTarget "MyIdLib" */;
			buildPhases = (
				4815687C2B8C4F5E0077530D /* Headers */,
				4815687D2B8C4F5E0077530D /* Sources */,
				4815687E2B8C4F5E0077530D /* Frameworks */,
				4815687F2B8C4F5E0077530D /* Resources */,
			);
			buildRules = (
			);
			dependencies = (
			);
			name = MyIdLib;
			productName = MyIdLib;
			productReference = 481568812B8C4F5E0077530D /* MyIdLib.framework */;
			productType = "com.apple.product-type.framework";
		};
		4815688A2B8C4F5F0077530D /* MyIdLibTests */ = {
			isa = PBXNativeTarget;
			buildConfigurationList = 481568982B8C4F5F0077530D /* Build configuration list for PBXNativeTarget "MyIdLibTests" */;
			buildPhases = (
				481568872B8C4F5F0077530D /* Sources */,
				481568882B8C4F5F0077530D /* Frameworks */,
				481568892B8C4F5F0077530D /* Resources */,
			);
			buildRules = (
			);
			dependencies = (
				4815688E2B8C4F5F0077530D /* PBXTargetDependency */,
			);
			name = MyIdLibTests;
			productName = MyIdLibTests;
			productReference = 4815688B2B8C4F5F0077530D /* MyIdLibTests.xctest */;
			productType = "com.apple.product-type.bundle.unit-test";
		};
		4815689E2B8C50280077530D /* MyIdExample */ = {
			isa = PBXNativeTarget;
			buildConfigurationList = 481568B22B8C50290077530D /* Build configuration list for PBXNativeTarget "MyIdExample" */;
			buildPhases = (
				4815689B2B8C50280077530D /* Sources */,
				4815689C2B8C50280077530D /* Frameworks */,
				4815689D2B8C50280077530D /* Resources */,
			);
			buildRules = (
			);
			dependencies = (
			);
			name = MyIdExample;
			productName = MyIdExample;
			productReference = 4815689F2B8C50280077530D /* MyIdExample.app */;
			productType = "com.apple.product-type.application";
		};
/* End PBXNativeTarget section */

/* Begin PBXProject section */
		481568782B8C4F5E0077530D /* Project object */ = {
			isa = PBXProject;
			attributes = {
				BuildIndependentTargetsInParallel = 1;
				LastSwiftUpdateCheck = 1420;
				LastUpgradeCheck = 1420;
				TargetAttributes = {
					481568802B8C4F5E0077530D = {
						CreatedOnToolsVersion = 14.2;
					};
					4815688A2B8C4F5F0077530D = {
						CreatedOnToolsVersion = 14.2;
					};
					4815689E2B8C50280077530D = {
						CreatedOnToolsVersion = 14.2;
					};
				};
			};
			buildConfigurationList = 4815687B2B8C4F5E0077530D /* Build configuration list for PBXProject "MyIdLib" */;
			compatibilityVersion = "Xcode 14.0";
			developmentRegion = en;
			hasScannedForEncodings = 0;
			knownRegions = (
				en,
				Base,
			);
			mainGroup = 481568772B8C4F5E0077530D;
			productRefGroup = 481568822B8C4F5E0077530D /* Products */;
			projectDirPath = "";
			projectRoot = "";
			targets = (
				481568802B8C4F5E0077530D /* MyIdLib */,
				4815688A2B8C4F5F0077530D /* MyIdLibTests */,
				4815689E2B8C50280077530D /* MyIdExample */,
			);
		};
/* End PBXProject section */

/* Begin PBXResourcesBuildPhase section */
		4815687F2B8C4F5E0077530D /* Resources */ = {
			isa = PBXResourcesBuildPhase;
			buildActionMask = 2147483647;
			files = (
			);
			runOnlyForDeploymentPostprocessing = 0;
		};
		481568892B8C4F5F0077530D /* Resources */ = {
			isa = PBXResourcesBuildPhase;
			buildActionMask = 2147483647;
			files = (
			);
			runOnlyForDeploymentPostprocessing = 0;
		};
		4815689D2B8C50280077530D /* Resources */ = {
			isa = PBXResourcesBuildPhase;
			buildActionMask = 2147483647;
			files = (
				481568AE2B8C50290077530D /* LaunchScreen.storyboard in Resources */,
				481568AB2B8C50290077530D /* Assets.xcassets in Resources */,
				481568A92B8C50280077530D /* Main.storyboard in Resources */,
			);
			runOnlyForDeploymentPostprocessing = 0;
		};
/* End PBXResourcesBuildPhase section */

/* Begin PBXSourcesBuildPhase section */
		4815687D2B8C4F5E0077530D /* Sources */ = {
			isa = PBXSourcesBuildPhase;
			buildActionMask = 2147483647;
			files = (
				4815695C2B8CB54E0077530D /* ToJSON.swift in Sources */,
				481569652B8CB54E0077530D /* Mappable.swift in Sources */,
				4815690E2B8C9E5F0077530D /* Session.swift in Sources */,
				481569262B8C9E5F0077530D /* EventMonitor.swift in Sources */,
				481568C72B8C7A120077530D /* UIView.swift in Sources */,
				481569632B8CB54E0077530D /* NSDecimalNumberTransform.swift in Sources */,
				481568B72B8C6FB50077530D /* MyIdLib.swift in Sources */,
				481568C52B8C79B10077530D /* XibView.swift in Sources */,
				481569172B8C9E5F0077530D /* URLEncodedFormEncoder.swift in Sources */,
				4815691A2B8C9E5F0077530D /* MultipartUpload.swift in Sources */,
				481568C22B8C77100077530D /* Bundle.swift in Sources */,
				481568B52B8C6F070077530D /* MyIdLibConfig.swift in Sources */,
				481568862B8C4F5E0077530D /* MyIdLib.docc in Sources */,
				4815695A2B8CB54E0077530D /* Map.swift in Sources */,
				481569192B8C9E5F0077530D /* HTTPMethod.swift in Sources */,
				4815690C2B8C9E5F0077530D /* ParameterEncoder.swift in Sources */,
				4815695F2B8CB54E0077530D /* IntegerOperators.swift in Sources */,
				481569532B8CB54E0077530D /* EnumTransform.swift in Sources */,
				481569092B8C9E5F0077530D /* MultipartFormData.swift in Sources */,
				4815690D2B8C9E5F0077530D /* URLSessionConfiguration+Alamofire.swift in Sources */,
				4815691B2B8C9E5F0077530D /* URLRequest+Alamofire.swift in Sources */,
				4815695E2B8CB54E0077530D /* HexColorTransform.swift in Sources */,
				481569582B8CB54E0077530D /* DataTransform.swift in Sources */,
				481569182B8C9E5F0077530D /* AlamofireExtended.swift in Sources */,
				481569552B8CB54E0077530D /* DictionaryTransform.swift in Sources */,
				481569572B8CB54E0077530D /* DateFormatterTransform.swift in Sources */,
				4815690B2B8C9E5F0077530D /* NetworkReachabilityManager.swift in Sources */,
				481569102B8C9E5F0077530D /* CachedResponseHandler.swift in Sources */,
				4815690F2B8C9E5F0077530D /* OperationQueue+Alamofire.swift in Sources */,
				4815691D2B8C9E5F0077530D /* RequestTaskMap.swift in Sources */,
				4815690A2B8C9E5F0077530D /* RequestInterceptor.swift in Sources */,
				481569642B8CB54E0077530D /* ImmutableMappable.swift in Sources */,
				481569162B8C9E5F0077530D /* RedirectHandler.swift in Sources */,
				481569152B8C9E5F0077530D /* AFError.swift in Sources */,
				481569662B8CB54E0077530D /* TransformOperators.swift in Sources */,
				4815691C2B8C9E5F0077530D /* URLConvertible+URLRequestConvertible.swift in Sources */,
				481569512B8CB54E0077530D /* URLTransform.swift in Sources */,
				481569132B8C9E5F0077530D /* ParameterEncoding.swift in Sources */,
				481569302B8CB02E0077530D /* RequestCompression.swift in Sources */,
				481569202B8C9E5F0077530D /* Response.swift in Sources */,
				4815695D2B8CB54E0077530D /* MapError.swift in Sources */,
				481569602B8CB54E0077530D /* Operators.swift in Sources */,
				481569222B8C9E5F0077530D /* Result+Alamofire.swift in Sources */,
				481569562B8CB54E0077530D /* FromJSON.swift in Sources */,
				481569682B8CB54E0077530D /* Mapper.swift in Sources */,
				481569112B8C9E5F0077530D /* DispatchQueue+Alamofire.swift in Sources */,
				481569622B8CB54E0077530D /* ISO8601DateTransform.swift in Sources */,
				481569592B8CB54E0077530D /* CustomDateFormatTransform.swift in Sources */,
				481568BE2B8C73300077530D /* User.swift in Sources */,
				481569252B8C9E5F0077530D /* HTTPHeaders.swift in Sources */,
				481569282B8C9E5F0077530D /* SessionDelegate.swift in Sources */,
				481569342B8CB02E0077530D /* Combine.swift in Sources */,
				481569542B8CB54E0077530D /* CodableTransform.swift in Sources */,
				481569122B8C9E5F0077530D /* RetryPolicy.swift in Sources */,
				481569372B8CB2940077530D /* APIModel.swift in Sources */,
				481568BC2B8C72EE0077530D /* Facebook.swift in Sources */,
				4815691F2B8C9E5F0077530D /* Notifications.swift in Sources */,
				4815695B2B8CB54E0077530D /* TransformType.swift in Sources */,
				481569332B8CB02E0077530D /* Protected.swift in Sources */,
				481569212B8C9E5F0077530D /* Alamofire.swift in Sources */,
				481569352B8CB02E0077530D /* AuthenticationInterceptor.swift in Sources */,
				481569232B8C9E5F0077530D /* Request.swift in Sources */,
				481569612B8CB54E0077530D /* DateTransform.swift in Sources */,
				481569312B8CB02E0077530D /* StringEncoding+Alamofire.swift in Sources */,
				4815691E2B8C9E5F0077530D /* Validation.swift in Sources */,
				481569272B8C9E5F0077530D /* ResponseSerialization.swift in Sources */,
				481569522B8CB54E0077530D /* TransformOf.swift in Sources */,
				481569142B8C9E5F0077530D /* ServerTrustEvaluation.swift in Sources */,
				481569672B8CB54E0077530D /* EnumOperators.swift in Sources */,
				481569322B8CB02E0077530D /* Concurrency.swift in Sources */,
			);
			runOnlyForDeploymentPostprocessing = 0;
		};
		481568872B8C4F5F0077530D /* Sources */ = {
			isa = PBXSourcesBuildPhase;
			buildActionMask = 2147483647;
			files = (
				481568912B8C4F5F0077530D /* MyIdLibTests.swift in Sources */,
			);
			runOnlyForDeploymentPostprocessing = 0;
		};
		4815689B2B8C50280077530D /* Sources */ = {
			isa = PBXSourcesBuildPhase;
			buildActionMask = 2147483647;
			files = (
				481568A62B8C50280077530D /* ViewController.swift in Sources */,
				481568A22B8C50280077530D /* AppDelegate.swift in Sources */,
				481568A42B8C50280077530D /* SceneDelegate.swift in Sources */,
			);
			runOnlyForDeploymentPostprocessing = 0;
		};
/* End PBXSourcesBuildPhase section */

/* Begin PBXTargetDependency section */
		4815688E2B8C4F5F0077530D /* PBXTargetDependency */ = {
			isa = PBXTargetDependency;
			target = 481568802B8C4F5E0077530D /* MyIdLib */;
			targetProxy = 4815688D2B8C4F5F0077530D /* PBXContainerItemProxy */;
		};
/* End PBXTargetDependency section */

/* Begin PBXVariantGroup section */
		481568A72B8C50280077530D /* Main.storyboard */ = {
			isa = PBXVariantGroup;
			children = (
				481568A82B8C50280077530D /* Base */,
			);
			name = Main.storyboard;
			sourceTree = "<group>";
		};
		481568AC2B8C50290077530D /* LaunchScreen.storyboard */ = {
			isa = PBXVariantGroup;
			children = (
				481568AD2B8C50290077530D /* Base */,
			);
			name = LaunchScreen.storyboard;
			sourceTree = "<group>";
		};
/* End PBXVariantGroup section */

/* Begin XCBuildConfiguration section */
		481568932B8C4F5F0077530D /* Debug */ = {
			isa = XCBuildConfiguration;
			buildSettings = {
				ALWAYS_SEARCH_USER_PATHS = NO;
				CLANG_ANALYZER_NONNULL = YES;
				CLANG_ANALYZER_NUMBER_OBJECT_CONVERSION = YES_AGGRESSIVE;
				CLANG_CXX_LANGUAGE_STANDARD = "gnu++20";
				CLANG_ENABLE_MODULES = YES;
				CLANG_ENABLE_OBJC_ARC = YES;
				CLANG_ENABLE_OBJC_WEAK = YES;
				CLANG_WARN_BLOCK_CAPTURE_AUTORELEASING = YES;
				CLANG_WARN_BOOL_CONVERSION = YES;
				CLANG_WARN_COMMA = YES;
				CLANG_WARN_CONSTANT_CONVERSION = YES;
				CLANG_WARN_DEPRECATED_OBJC_IMPLEMENTATIONS = YES;
				CLANG_WARN_DIRECT_OBJC_ISA_USAGE = YES_ERROR;
				CLANG_WARN_DOCUMENTATION_COMMENTS = YES;
				CLANG_WARN_EMPTY_BODY = YES;
				CLANG_WARN_ENUM_CONVERSION = YES;
				CLANG_WARN_INFINITE_RECURSION = YES;
				CLANG_WARN_INT_CONVERSION = YES;
				CLANG_WARN_NON_LITERAL_NULL_CONVERSION = YES;
				CLANG_WARN_OBJC_IMPLICIT_RETAIN_SELF = YES;
				CLANG_WARN_OBJC_LITERAL_CONVERSION = YES;
				CLANG_WARN_OBJC_ROOT_CLASS = YES_ERROR;
				CLANG_WARN_QUOTED_INCLUDE_IN_FRAMEWORK_HEADER = YES;
				CLANG_WARN_RANGE_LOOP_ANALYSIS = YES;
				CLANG_WARN_STRICT_PROTOTYPES = YES;
				CLANG_WARN_SUSPICIOUS_MOVE = YES;
				CLANG_WARN_UNGUARDED_AVAILABILITY = YES_AGGRESSIVE;
				CLANG_WARN_UNREACHABLE_CODE = YES;
				CLANG_WARN__DUPLICATE_METHOD_MATCH = YES;
				COPY_PHASE_STRIP = NO;
				CURRENT_PROJECT_VERSION = 1;
				DEBUG_INFORMATION_FORMAT = dwarf;
				ENABLE_STRICT_OBJC_MSGSEND = YES;
				ENABLE_TESTABILITY = YES;
				GCC_C_LANGUAGE_STANDARD = gnu11;
				GCC_DYNAMIC_NO_PIC = NO;
				GCC_NO_COMMON_BLOCKS = YES;
				GCC_OPTIMIZATION_LEVEL = 0;
				GCC_PREPROCESSOR_DEFINITIONS = (
					"DEBUG=1",
					"$(inherited)",
				);
				GCC_WARN_64_TO_32_BIT_CONVERSION = YES;
				GCC_WARN_ABOUT_RETURN_TYPE = YES_ERROR;
				GCC_WARN_UNDECLARED_SELECTOR = YES;
				GCC_WARN_UNINITIALIZED_AUTOS = YES_AGGRESSIVE;
				GCC_WARN_UNUSED_FUNCTION = YES;
				GCC_WARN_UNUSED_VARIABLE = YES;
				MTL_ENABLE_DEBUG_INFO = INCLUDE_SOURCE;
				MTL_FAST_MATH = YES;
				ONLY_ACTIVE_ARCH = YES;
				SWIFT_ACTIVE_COMPILATION_CONDITIONS = DEBUG;
				SWIFT_OPTIMIZATION_LEVEL = "-Onone";
				VERSIONING_SYSTEM = "apple-generic";
				VERSION_INFO_PREFIX = "";
			};
			name = Debug;
		};
		481568942B8C4F5F0077530D /* Release */ = {
			isa = XCBuildConfiguration;
			buildSettings = {
				ALWAYS_SEARCH_USER_PATHS = NO;
				CLANG_ANALYZER_NONNULL = YES;
				CLANG_ANALYZER_NUMBER_OBJECT_CONVERSION = YES_AGGRESSIVE;
				CLANG_CXX_LANGUAGE_STANDARD = "gnu++20";
				CLANG_ENABLE_MODULES = YES;
				CLANG_ENABLE_OBJC_ARC = YES;
				CLANG_ENABLE_OBJC_WEAK = YES;
				CLANG_WARN_BLOCK_CAPTURE_AUTORELEASING = YES;
				CLANG_WARN_BOOL_CONVERSION = YES;
				CLANG_WARN_COMMA = YES;
				CLANG_WARN_CONSTANT_CONVERSION = YES;
				CLANG_WARN_DEPRECATED_OBJC_IMPLEMENTATIONS = YES;
				CLANG_WARN_DIRECT_OBJC_ISA_USAGE = YES_ERROR;
				CLANG_WARN_DOCUMENTATION_COMMENTS = YES;
				CLANG_WARN_EMPTY_BODY = YES;
				CLANG_WARN_ENUM_CONVERSION = YES;
				CLANG_WARN_INFINITE_RECURSION = YES;
				CLANG_WARN_INT_CONVERSION = YES;
				CLANG_WARN_NON_LITERAL_NULL_CONVERSION = YES;
				CLANG_WARN_OBJC_IMPLICIT_RETAIN_SELF = YES;
				CLANG_WARN_OBJC_LITERAL_CONVERSION = YES;
				CLANG_WARN_OBJC_ROOT_CLASS = YES_ERROR;
				CLANG_WARN_QUOTED_INCLUDE_IN_FRAMEWORK_HEADER = YES;
				CLANG_WARN_RANGE_LOOP_ANALYSIS = YES;
				CLANG_WARN_STRICT_PROTOTYPES = YES;
				CLANG_WARN_SUSPICIOUS_MOVE = YES;
				CLANG_WARN_UNGUARDED_AVAILABILITY = YES_AGGRESSIVE;
				CLANG_WARN_UNREACHABLE_CODE = YES;
				CLANG_WARN__DUPLICATE_METHOD_MATCH = YES;
				COPY_PHASE_STRIP = NO;
				CURRENT_PROJECT_VERSION = 1;
				DEBUG_INFORMATION_FORMAT = "dwarf-with-dsym";
				ENABLE_NS_ASSERTIONS = NO;
				ENABLE_STRICT_OBJC_MSGSEND = YES;
				GCC_C_LANGUAGE_STANDARD = gnu11;
				GCC_NO_COMMON_BLOCKS = YES;
				GCC_WARN_64_TO_32_BIT_CONVERSION = YES;
				GCC_WARN_ABOUT_RETURN_TYPE = YES_ERROR;
				GCC_WARN_UNDECLARED_SELECTOR = YES;
				GCC_WARN_UNINITIALIZED_AUTOS = YES_AGGRESSIVE;
				GCC_WARN_UNUSED_FUNCTION = YES;
				GCC_WARN_UNUSED_VARIABLE = YES;
				MTL_ENABLE_DEBUG_INFO = NO;
				MTL_FAST_MATH = YES;
				SWIFT_COMPILATION_MODE = wholemodule;
				SWIFT_OPTIMIZATION_LEVEL = "-O";
				VERSIONING_SYSTEM = "apple-generic";
				VERSION_INFO_PREFIX = "";
			};
			name = Release;
		};
		481568962B8C4F5F0077530D /* Debug */ = {
			isa = XCBuildConfiguration;
			buildSettings = {
				CODE_SIGN_STYLE = Automatic;
				CURRENT_PROJECT_VERSION = 1;
				DEFINES_MODULE = YES;
				DEVELOPMENT_TEAM = 8J9J8V53Z7;
				DYLIB_COMPATIBILITY_VERSION = 1;
				DYLIB_CURRENT_VERSION = 1;
				DYLIB_INSTALL_NAME_BASE = "@rpath";
				GENERATE_INFOPLIST_FILE = YES;
				INFOPLIST_KEY_NSHumanReadableCopyright = "";
				INSTALL_PATH = "$(LOCAL_LIBRARY_DIR)/Frameworks";
				IPHONEOS_DEPLOYMENT_TARGET = 11.0;
				LD_RUNPATH_SEARCH_PATHS = (
					"@executable_path/Frameworks",
					"@loader_path/Frameworks",
				);
				"LD_RUNPATH_SEARCH_PATHS[sdk=macosx*]" = (
					"@executable_path/../Frameworks",
					"@loader_path/Frameworks",
				);
				MACOSX_DEPLOYMENT_TARGET = 11.0;
				MARKETING_VERSION = 1.0;
				PRODUCT_BUNDLE_IDENTIFIER = vn.84soft.MyIdLib;
				PRODUCT_NAME = "$(TARGET_NAME:c99extidentifier)";
				SDKROOT = auto;
				SKIP_INSTALL = YES;
				SUPPORTED_PLATFORMS = "iphoneos iphonesimulator macosx";
				SWIFT_EMIT_LOC_STRINGS = YES;
				SWIFT_VERSION = 5.0;
				TARGETED_DEVICE_FAMILY = "1,2";
			};
			name = Debug;
		};
		481568972B8C4F5F0077530D /* Release */ = {
			isa = XCBuildConfiguration;
			buildSettings = {
				CODE_SIGN_STYLE = Automatic;
				CURRENT_PROJECT_VERSION = 1;
				DEFINES_MODULE = YES;
				DEVELOPMENT_TEAM = 8J9J8V53Z7;
				DYLIB_COMPATIBILITY_VERSION = 1;
				DYLIB_CURRENT_VERSION = 1;
				DYLIB_INSTALL_NAME_BASE = "@rpath";
				GENERATE_INFOPLIST_FILE = YES;
				INFOPLIST_KEY_NSHumanReadableCopyright = "";
				INSTALL_PATH = "$(LOCAL_LIBRARY_DIR)/Frameworks";
				IPHONEOS_DEPLOYMENT_TARGET = 11.0;
				LD_RUNPATH_SEARCH_PATHS = (
					"@executable_path/Frameworks",
					"@loader_path/Frameworks",
				);
				"LD_RUNPATH_SEARCH_PATHS[sdk=macosx*]" = (
					"@executable_path/../Frameworks",
					"@loader_path/Frameworks",
				);
				MACOSX_DEPLOYMENT_TARGET = 11.0;
				MARKETING_VERSION = 1.0;
				PRODUCT_BUNDLE_IDENTIFIER = vn.84soft.MyIdLib;
				PRODUCT_NAME = "$(TARGET_NAME:c99extidentifier)";
				SDKROOT = auto;
				SKIP_INSTALL = YES;
				SUPPORTED_PLATFORMS = "iphoneos iphonesimulator macosx";
				SWIFT_EMIT_LOC_STRINGS = YES;
				SWIFT_VERSION = 5.0;
				TARGETED_DEVICE_FAMILY = "1,2";
			};
			name = Release;
		};
		481568992B8C4F5F0077530D /* Debug */ = {
			isa = XCBuildConfiguration;
			buildSettings = {
				ALWAYS_EMBED_SWIFT_STANDARD_LIBRARIES = YES;
				CODE_SIGN_STYLE = Automatic;
				CURRENT_PROJECT_VERSION = 1;
				DEVELOPMENT_TEAM = 8J9J8V53Z7;
				GENERATE_INFOPLIST_FILE = YES;
				IPHONEOS_DEPLOYMENT_TARGET = 16.2;
				MACOSX_DEPLOYMENT_TARGET = 12.7;
				MARKETING_VERSION = 1.0;
				PRODUCT_BUNDLE_IDENTIFIER = vn.84soft.MyIdLibTests;
				PRODUCT_NAME = "$(TARGET_NAME)";
				SDKROOT = auto;
				SUPPORTED_PLATFORMS = "iphoneos iphonesimulator macosx";
				SWIFT_EMIT_LOC_STRINGS = NO;
				SWIFT_VERSION = 5.0;
				TARGETED_DEVICE_FAMILY = "1,2";
			};
			name = Debug;
		};
		4815689A2B8C4F5F0077530D /* Release */ = {
			isa = XCBuildConfiguration;
			buildSettings = {
				ALWAYS_EMBED_SWIFT_STANDARD_LIBRARIES = YES;
				CODE_SIGN_STYLE = Automatic;
				CURRENT_PROJECT_VERSION = 1;
				DEVELOPMENT_TEAM = 8J9J8V53Z7;
				GENERATE_INFOPLIST_FILE = YES;
				IPHONEOS_DEPLOYMENT_TARGET = 16.2;
				MACOSX_DEPLOYMENT_TARGET = 12.7;
				MARKETING_VERSION = 1.0;
				PRODUCT_BUNDLE_IDENTIFIER = vn.84soft.MyIdLibTests;
				PRODUCT_NAME = "$(TARGET_NAME)";
				SDKROOT = auto;
				SUPPORTED_PLATFORMS = "iphoneos iphonesimulator macosx";
				SWIFT_EMIT_LOC_STRINGS = NO;
				SWIFT_VERSION = 5.0;
				TARGETED_DEVICE_FAMILY = "1,2";
			};
			name = Release;
		};
		481568B02B8C50290077530D /* Debug */ = {
			isa = XCBuildConfiguration;
			buildSettings = {
				ASSETCATALOG_COMPILER_APPICON_NAME = AppIcon;
				ASSETCATALOG_COMPILER_GLOBAL_ACCENT_COLOR_NAME = AccentColor;
				CODE_SIGN_STYLE = Automatic;
				CURRENT_PROJECT_VERSION = 1;
				DEVELOPMENT_TEAM = 8J9J8V53Z7;
				GENERATE_INFOPLIST_FILE = YES;
				INFOPLIST_FILE = MyIdExample/Info.plist;
				INFOPLIST_KEY_UIApplicationSupportsIndirectInputEvents = YES;
				INFOPLIST_KEY_UILaunchStoryboardName = LaunchScreen;
				INFOPLIST_KEY_UIMainStoryboardFile = Main;
				INFOPLIST_KEY_UISupportedInterfaceOrientations_iPad = "UIInterfaceOrientationPortrait UIInterfaceOrientationPortraitUpsideDown UIInterfaceOrientationLandscapeLeft UIInterfaceOrientationLandscapeRight";
				INFOPLIST_KEY_UISupportedInterfaceOrientations_iPhone = "UIInterfaceOrientationPortrait UIInterfaceOrientationLandscapeLeft UIInterfaceOrientationLandscapeRight";
				IPHONEOS_DEPLOYMENT_TARGET = 16.2;
				LD_RUNPATH_SEARCH_PATHS = (
					"$(inherited)",
					"@executable_path/Frameworks",
				);
				MARKETING_VERSION = 1.0;
				PRODUCT_BUNDLE_IDENTIFIER = vn.84soft.MyIdExample;
				PRODUCT_NAME = "$(TARGET_NAME)";
				SDKROOT = iphoneos;
				SWIFT_EMIT_LOC_STRINGS = YES;
				SWIFT_VERSION = 5.0;
				TARGETED_DEVICE_FAMILY = "1,2";
			};
			name = Debug;
		};
		481568B12B8C50290077530D /* Release */ = {
			isa = XCBuildConfiguration;
			buildSettings = {
				ASSETCATALOG_COMPILER_APPICON_NAME = AppIcon;
				ASSETCATALOG_COMPILER_GLOBAL_ACCENT_COLOR_NAME = AccentColor;
				CODE_SIGN_STYLE = Automatic;
				CURRENT_PROJECT_VERSION = 1;
				DEVELOPMENT_TEAM = 8J9J8V53Z7;
				GENERATE_INFOPLIST_FILE = YES;
				INFOPLIST_FILE = MyIdExample/Info.plist;
				INFOPLIST_KEY_UIApplicationSupportsIndirectInputEvents = YES;
				INFOPLIST_KEY_UILaunchStoryboardName = LaunchScreen;
				INFOPLIST_KEY_UIMainStoryboardFile = Main;
				INFOPLIST_KEY_UISupportedInterfaceOrientations_iPad = "UIInterfaceOrientationPortrait UIInterfaceOrientationPortraitUpsideDown UIInterfaceOrientationLandscapeLeft UIInterfaceOrientationLandscapeRight";
				INFOPLIST_KEY_UISupportedInterfaceOrientations_iPhone = "UIInterfaceOrientationPortrait UIInterfaceOrientationLandscapeLeft UIInterfaceOrientationLandscapeRight";
				IPHONEOS_DEPLOYMENT_TARGET = 16.2;
				LD_RUNPATH_SEARCH_PATHS = (
					"$(inherited)",
					"@executable_path/Frameworks",
				);
				MARKETING_VERSION = 1.0;
				PRODUCT_BUNDLE_IDENTIFIER = vn.84soft.MyIdExample;
				PRODUCT_NAME = "$(TARGET_NAME)";
				SDKROOT = iphoneos;
				SWIFT_EMIT_LOC_STRINGS = YES;
				SWIFT_VERSION = 5.0;
				TARGETED_DEVICE_FAMILY = "1,2";
				VALIDATE_PRODUCT = YES;
			};
			name = Release;
		};
/* End XCBuildConfiguration section */

/* Begin XCConfigurationList section */
		4815687B2B8C4F5E0077530D /* Build configuration list for PBXProject "MyIdLib" */ = {
			isa = XCConfigurationList;
			buildConfigurations = (
				481568932B8C4F5F0077530D /* Debug */,
				481568942B8C4F5F0077530D /* Release */,
			);
			defaultConfigurationIsVisible = 0;
			defaultConfigurationName = Release;
		};
		481568952B8C4F5F0077530D /* Build configuration list for PBXNativeTarget "MyIdLib" */ = {
			isa = XCConfigurationList;
			buildConfigurations = (
				481568962B8C4F5F0077530D /* Debug */,
				481568972B8C4F5F0077530D /* Release */,
			);
			defaultConfigurationIsVisible = 0;
			defaultConfigurationName = Release;
		};
		481568982B8C4F5F0077530D /* Build configuration list for PBXNativeTarget "MyIdLibTests" */ = {
			isa = XCConfigurationList;
			buildConfigurations = (
				481568992B8C4F5F0077530D /* Debug */,
				4815689A2B8C4F5F0077530D /* Release */,
			);
			defaultConfigurationIsVisible = 0;
			defaultConfigurationName = Release;
		};
		481568B22B8C50290077530D /* Build configuration list for PBXNativeTarget "MyIdExample" */ = {
			isa = XCConfigurationList;
			buildConfigurations = (
				481568B02B8C50290077530D /* Debug */,
				481568B12B8C50290077530D /* Release */,
			);
			defaultConfigurationIsVisible = 0;
			defaultConfigurationName = Release;
		};
/* End XCConfigurationList section */
	};
	rootObject = 481568782B8C4F5E0077530D /* Project object */;
}
