// !$*UTF8*$!
{
	archiveVersion = 1;
	classes = {
	};
	objectVersion = 56;
	objects = {

/* Begin PBXBuildFile section */
		03A21CD0FD91FBF0CE2F05FE /* Pods_MyIdLib.framework in Frameworks */ = {isa = PBXBuildFile; fileRef = 632464E47FF5DA66413C56BE /* Pods_MyIdLib.framework */; };
		481568862B8C4F5E0077530D /* MyIdLib.docc in Sources */ = {isa = PBXBuildFile; fileRef = 481568852B8C4F5E0077530D /* MyIdLib.docc */; };
		4815688C2B8C4F5F0077530D /* MyIdLib.framework in Frameworks */ = {isa = PBXBuildFile; fileRef = 481568812B8C4F5E0077530D /* MyIdLib.framework */; };
		481568912B8C4F5F0077530D /* MyIdLibTests.swift in Sources */ = {isa = PBXBuildFile; fileRef = 481568902B8C4F5F0077530D /* MyIdLibTests.swift */; };
		481568922B8C4F5F0077530D /* MyIdLib.h in Headers */ = {isa = PBXBuildFile; fileRef = 481568842B8C4F5E0077530D /* MyIdLib.h */; settings = {ATTRIBUTES = (Public, ); }; };
		481568A22B8C50280077530D /* AppDelegate.swift in Sources */ = {isa = PBXBuildFile; fileRef = 481568A12B8C50280077530D /* AppDelegate.swift */; };
		481568A42B8C50280077530D /* SceneDelegate.swift in Sources */ = {isa = PBXBuildFile; fileRef = 481568A32B8C50280077530D /* SceneDelegate.swift */; };
		481568A62B8C50280077530D /* ViewController.swift in Sources */ = {isa = PBXBuildFile; fileRef = 481568A52B8C50280077530D /* ViewController.swift */; };
		481568A92B8C50280077530D /* Main.storyboard in Resources */ = {isa = PBXBuildFile; fileRef = 481568A72B8C50280077530D /* Main.storyboard */; };
		481568AB2B8C50290077530D /* Assets.xcassets in Resources */ = {isa = PBXBuildFile; fileRef = 481568AA2B8C50290077530D /* Assets.xcassets */; };
		481568AE2B8C50290077530D /* LaunchScreen.storyboard in Resources */ = {isa = PBXBuildFile; fileRef = 481568AC2B8C50290077530D /* LaunchScreen.storyboard */; };
		481568B52B8C6F070077530D /* MyIdLibConfig.swift in Sources */ = {isa = PBXBuildFile; fileRef = 481568B42B8C6F070077530D /* MyIdLibConfig.swift */; };
		481568B72B8C6FB50077530D /* MyIdLib.swift in Sources */ = {isa = PBXBuildFile; fileRef = 481568B62B8C6FB50077530D /* MyIdLib.swift */; };
		481568C22B8C77100077530D /* Bundle.swift in Sources */ = {isa = PBXBuildFile; fileRef = 481568C12B8C77100077530D /* Bundle.swift */; };
		481568C52B8C79B10077530D /* XibView.swift in Sources */ = {isa = PBXBuildFile; fileRef = 481568C42B8C79B10077530D /* XibView.swift */; };
		481568C72B8C7A120077530D /* UIView.swift in Sources */ = {isa = PBXBuildFile; fileRef = 481568C62B8C7A120077530D /* UIView.swift */; };
		481569372B8CB2940077530D /* APIModel.swift in Sources */ = {isa = PBXBuildFile; fileRef = 481569362B8CB2940077530D /* APIModel.swift */; };
		4815696A2B8DD0660077530D /* BaseResponse.swift in Sources */ = {isa = PBXBuildFile; fileRef = 481569692B8DD0660077530D /* BaseResponse.swift */; };
		481569792B8F2A050077530D /* MobileIdApplication.swift in Sources */ = {isa = PBXBuildFile; fileRef = 481569782B8F2A050077530D /* MobileIdApplication.swift */; };
		48FBB1632BB5616000EC2222 /* AuthController.swift in Sources */ = {isa = PBXBuildFile; fileRef = 48FBB1612BB5616000EC2222 /* AuthController.swift */; };
		48FBB1642BB5616000EC2222 /* AuthController.xib in Resources */ = {isa = PBXBuildFile; fileRef = 48FBB1622BB5616000EC2222 /* AuthController.xib */; };
		48FBB1692BB5758200EC2222 /* MobileId.swift in Sources */ = {isa = PBXBuildFile; fileRef = 48FBB1682BB5758200EC2222 /* MobileId.swift */; };
		48FBB16B2BB667F900EC2222 /* Keychain.swift in Sources */ = {isa = PBXBuildFile; fileRef = 48FBB16A2BB667F900EC2222 /* Keychain.swift */; };
		72897A35E15870AFC910F7C4 /* Pods_MyIdLib_MyIdLibTests.framework in Frameworks */ = {isa = PBXBuildFile; fileRef = 19AC2CA19C4FE9C7F24059D9 /* Pods_MyIdLib_MyIdLibTests.framework */; };
/* End PBXBuildFile section */

/* Begin PBXContainerItemProxy section */
		4815688D2B8C4F5F0077530D /* PBXContainerItemProxy */ = {
			isa = PBXContainerItemProxy;
			containerPortal = 481568782B8C4F5E0077530D /* Project object */;
			proxyType = 1;
			remoteGlobalIDString = 481568802B8C4F5E0077530D;
			remoteInfo = MyIdLib;
		};
/* End PBXContainerItemProxy section */

/* Begin PBXFileReference section */
		0FE47CED50C39DFBAA1E3FEB /* Pods-MyIdLib.release.xcconfig */ = {isa = PBXFileReference; includeInIndex = 1; lastKnownFileType = text.xcconfig; name = "Pods-MyIdLib.release.xcconfig"; path = "Target Support Files/Pods-MyIdLib/Pods-MyIdLib.release.xcconfig"; sourceTree = "<group>"; };
		19AC2CA19C4FE9C7F24059D9 /* Pods_MyIdLib_MyIdLibTests.framework */ = {isa = PBXFileReference; explicitFileType = wrapper.framework; includeInIndex = 0; path = Pods_MyIdLib_MyIdLibTests.framework; sourceTree = BUILT_PRODUCTS_DIR; };
		2B825861EE3E67C38CC89852 /* Pods-MyIdLib.debug.xcconfig */ = {isa = PBXFileReference; includeInIndex = 1; lastKnownFileType = text.xcconfig; name = "Pods-MyIdLib.debug.xcconfig"; path = "Target Support Files/Pods-MyIdLib/Pods-MyIdLib.debug.xcconfig"; sourceTree = "<group>"; };
		481568812B8C4F5E0077530D /* MyIdLib.framework */ = {isa = PBXFileReference; explicitFileType = wrapper.framework; includeInIndex = 0; path = MyIdLib.framework; sourceTree = BUILT_PRODUCTS_DIR; };
		481568842B8C4F5E0077530D /* MyIdLib.h */ = {isa = PBXFileReference; lastKnownFileType = sourcecode.c.h; path = MyIdLib.h; sourceTree = "<group>"; };
		481568852B8C4F5E0077530D /* MyIdLib.docc */ = {isa = PBXFileReference; lastKnownFileType = folder.documentationcatalog; path = MyIdLib.docc; sourceTree = "<group>"; };
		4815688B2B8C4F5F0077530D /* MyIdLibTests.xctest */ = {isa = PBXFileReference; explicitFileType = wrapper.cfbundle; includeInIndex = 0; path = MyIdLibTests.xctest; sourceTree = BUILT_PRODUCTS_DIR; };
		481568902B8C4F5F0077530D /* MyIdLibTests.swift */ = {isa = PBXFileReference; lastKnownFileType = sourcecode.swift; path = MyIdLibTests.swift; sourceTree = "<group>"; };
		4815689F2B8C50280077530D /* MyIdExample.app */ = {isa = PBXFileReference; explicitFileType = wrapper.application; includeInIndex = 0; path = MyIdExample.app; sourceTree = BUILT_PRODUCTS_DIR; };
		481568A12B8C50280077530D /* AppDelegate.swift */ = {isa = PBXFileReference; lastKnownFileType = sourcecode.swift; path = AppDelegate.swift; sourceTree = "<group>"; };
		481568A32B8C50280077530D /* SceneDelegate.swift */ = {isa = PBXFileReference; lastKnownFileType = sourcecode.swift; path = SceneDelegate.swift; sourceTree = "<group>"; };
		481568A52B8C50280077530D /* ViewController.swift */ = {isa = PBXFileReference; lastKnownFileType = sourcecode.swift; path = ViewController.swift; sourceTree = "<group>"; };
		481568A82B8C50280077530D /* Base */ = {isa = PBXFileReference; lastKnownFileType = file.storyboard; name = Base; path = Base.lproj/Main.storyboard; sourceTree = "<group>"; };
		481568AA2B8C50290077530D /* Assets.xcassets */ = {isa = PBXFileReference; lastKnownFileType = folder.assetcatalog; path = Assets.xcassets; sourceTree = "<group>"; };
		481568AD2B8C50290077530D /* Base */ = {isa = PBXFileReference; lastKnownFileType = file.storyboard; name = Base; path = Base.lproj/LaunchScreen.storyboard; sourceTree = "<group>"; };
		481568AF2B8C50290077530D /* Info.plist */ = {isa = PBXFileReference; lastKnownFileType = text.plist.xml; path = Info.plist; sourceTree = "<group>"; };
		481568B42B8C6F070077530D /* MyIdLibConfig.swift */ = {isa = PBXFileReference; lastKnownFileType = sourcecode.swift; path = MyIdLibConfig.swift; sourceTree = "<group>"; };
		481568B62B8C6FB50077530D /* MyIdLib.swift */ = {isa = PBXFileReference; lastKnownFileType = sourcecode.swift; path = MyIdLib.swift; sourceTree = "<group>"; };
		481568C12B8C77100077530D /* Bundle.swift */ = {isa = PBXFileReference; lastKnownFileType = sourcecode.swift; path = Bundle.swift; sourceTree = "<group>"; };
		481568C42B8C79B10077530D /* XibView.swift */ = {isa = PBXFileReference; lastKnownFileType = sourcecode.swift; path = XibView.swift; sourceTree = "<group>"; };
		481568C62B8C7A120077530D /* UIView.swift */ = {isa = PBXFileReference; lastKnownFileType = sourcecode.swift; path = UIView.swift; sourceTree = "<group>"; };
		481569362B8CB2940077530D /* APIModel.swift */ = {isa = PBXFileReference; lastKnownFileType = sourcecode.swift; path = APIModel.swift; sourceTree = "<group>"; };
		481569692B8DD0660077530D /* BaseResponse.swift */ = {isa = PBXFileReference; lastKnownFileType = sourcecode.swift; path = BaseResponse.swift; sourceTree = "<group>"; };
		481569782B8F2A050077530D /* MobileIdApplication.swift */ = {isa = PBXFileReference; lastKnownFileType = sourcecode.swift; path = MobileIdApplication.swift; sourceTree = "<group>"; };
		48FBB1612BB5616000EC2222 /* AuthController.swift */ = {isa = PBXFileReference; lastKnownFileType = sourcecode.swift; path = AuthController.swift; sourceTree = "<group>"; };
		48FBB1622BB5616000EC2222 /* AuthController.xib */ = {isa = PBXFileReference; lastKnownFileType = file.xib; path = AuthController.xib; sourceTree = "<group>"; };
		48FBB1682BB5758200EC2222 /* MobileId.swift */ = {isa = PBXFileReference; lastKnownFileType = sourcecode.swift; path = MobileId.swift; sourceTree = "<group>"; };
		48FBB16A2BB667F900EC2222 /* Keychain.swift */ = {isa = PBXFileReference; lastKnownFileType = sourcecode.swift; path = Keychain.swift; sourceTree = "<group>"; };
		632464E47FF5DA66413C56BE /* Pods_MyIdLib.framework */ = {isa = PBXFileReference; explicitFileType = wrapper.framework; includeInIndex = 0; path = Pods_MyIdLib.framework; sourceTree = BUILT_PRODUCTS_DIR; };
		BF1466FED393ADCA8AC33A89 /* Pods-MyIdLib-MyIdLibTests.debug.xcconfig */ = {isa = PBXFileReference; includeInIndex = 1; lastKnownFileType = text.xcconfig; name = "Pods-MyIdLib-MyIdLibTests.debug.xcconfig"; path = "Target Support Files/Pods-MyIdLib-MyIdLibTests/Pods-MyIdLib-MyIdLibTests.debug.xcconfig"; sourceTree = "<group>"; };
		F148586AE632A5DBC4234485 /* Pods-MyIdLib-MyIdLibTests.release.xcconfig */ = {isa = PBXFileReference; includeInIndex = 1; lastKnownFileType = text.xcconfig; name = "Pods-MyIdLib-MyIdLibTests.release.xcconfig"; path = "Target Support Files/Pods-MyIdLib-MyIdLibTests/Pods-MyIdLib-MyIdLibTests.release.xcconfig"; sourceTree = "<group>"; };
/* End PBXFileReference section */

/* Begin PBXFrameworksBuildPhase section */
		4815687E2B8C4F5E0077530D /* Frameworks */ = {
			isa = PBXFrameworksBuildPhase;
			buildActionMask = 2147483647;
			files = (
				03A21CD0FD91FBF0CE2F05FE /* Pods_MyIdLib.framework in Frameworks */,
			);
			runOnlyForDeploymentPostprocessing = 0;
		};
		481568882B8C4F5F0077530D /* Frameworks */ = {
			isa = PBXFrameworksBuildPhase;
			buildActionMask = 2147483647;
			files = (
				4815688C2B8C4F5F0077530D /* MyIdLib.framework in Frameworks */,
				72897A35E15870AFC910F7C4 /* Pods_MyIdLib_MyIdLibTests.framework in Frameworks */,
			);
			runOnlyForDeploymentPostprocessing = 0;
		};
		4815689C2B8C50280077530D /* Frameworks */ = {
			isa = PBXFrameworksBuildPhase;
			buildActionMask = 2147483647;
			files = (
			);
			runOnlyForDeploymentPostprocessing = 0;
		};
/* End PBXFrameworksBuildPhase section */

/* Begin PBXGroup section */
		481568772B8C4F5E0077530D = {
			isa = PBXGroup;
			children = (
				481568832B8C4F5E0077530D /* MyIdLib */,
				4815688F2B8C4F5F0077530D /* MyIdLibTests */,
				481568A02B8C50280077530D /* MyIdExample */,
				481568822B8C4F5E0077530D /* Products */,
				9E2A8CBCF5D36C7FA8B65EA8 /* Pods */,
				6D7ED64BE29F24441ADD531A /* Frameworks */,
			);
			sourceTree = "<group>";
		};
		481568822B8C4F5E0077530D /* Products */ = {
			isa = PBXGroup;
			children = (
				481568812B8C4F5E0077530D /* MyIdLib.framework */,
				4815688B2B8C4F5F0077530D /* MyIdLibTests.xctest */,
				4815689F2B8C50280077530D /* MyIdExample.app */,
			);
			name = Products;
			sourceTree = "<group>";
		};
		481568832B8C4F5E0077530D /* MyIdLib */ = {
			isa = PBXGroup;
			children = (
				48FBB16E2BB69D3300EC2222 /* App */,
				48FBB1602BB5613000EC2222 /* Controller */,
				481568BA2B8C72DA0077530D /* Model */,
				481568B82B8C72550077530D /* Service */,
				481568B32B8C6D400077530D /* Helper */,
				481568B92B8C72880077530D /* SupportingFiles */,
				481568B42B8C6F070077530D /* MyIdLibConfig.swift */,
				481568B62B8C6FB50077530D /* MyIdLib.swift */,
			);
			path = MyIdLib;
			sourceTree = "<group>";
		};
		4815688F2B8C4F5F0077530D /* MyIdLibTests */ = {
			isa = PBXGroup;
			children = (
				481568902B8C4F5F0077530D /* MyIdLibTests.swift */,
			);
			path = MyIdLibTests;
			sourceTree = "<group>";
		};
		481568A02B8C50280077530D /* MyIdExample */ = {
			isa = PBXGroup;
			children = (
				481568A12B8C50280077530D /* AppDelegate.swift */,
				481568A32B8C50280077530D /* SceneDelegate.swift */,
				481568A52B8C50280077530D /* ViewController.swift */,
				481568A72B8C50280077530D /* Main.storyboard */,
				481568AA2B8C50290077530D /* Assets.xcassets */,
				481568AC2B8C50290077530D /* LaunchScreen.storyboard */,
				481568AF2B8C50290077530D /* Info.plist */,
			);
			path = MyIdExample;
			sourceTree = "<group>";
		};
		481568B32B8C6D400077530D /* Helper */ = {
			isa = PBXGroup;
			children = (
				481568C32B8C799F0077530D /* Components */,
				481568BF2B8C76F70077530D /* Extension */,
			);
			path = Helper;
			sourceTree = "<group>";
		};
		481568B82B8C72550077530D /* Service */ = {
			isa = PBXGroup;
			children = (
				481569362B8CB2940077530D /* APIModel.swift */,
			);
			path = Service;
			sourceTree = "<group>";
		};
		481568B92B8C72880077530D /* SupportingFiles */ = {
			isa = PBXGroup;
			children = (
				481568852B8C4F5E0077530D /* MyIdLib.docc */,
				481568842B8C4F5E0077530D /* MyIdLib.h */,
			);
			name = SupportingFiles;
			sourceTree = "<group>";
		};
		481568BA2B8C72DA0077530D /* Model */ = {
			isa = PBXGroup;
			children = (
				481569692B8DD0660077530D /* BaseResponse.swift */,
				48FBB1682BB5758200EC2222 /* MobileId.swift */,
			);
			path = Model;
			sourceTree = "<group>";
		};
		481568BF2B8C76F70077530D /* Extension */ = {
			isa = PBXGroup;
			children = (
				481568C12B8C77100077530D /* Bundle.swift */,
				481568C62B8C7A120077530D /* UIView.swift */,
				48FBB16A2BB667F900EC2222 /* Keychain.swift */,
			);
			path = Extension;
			sourceTree = "<group>";
		};
		481568C32B8C799F0077530D /* Components */ = {
			isa = PBXGroup;
			children = (
				481568C42B8C79B10077530D /* XibView.swift */,
			);
			path = Components;
			sourceTree = "<group>";
		};
		481569772B8F29E70077530D /* MobileId */ = {
			isa = PBXGroup;
			children = (
				481569782B8F2A050077530D /* MobileIdApplication.swift */,
			);
			path = MobileId;
			sourceTree = "<group>";
		};
		48FBB1602BB5613000EC2222 /* Controller */ = {
			isa = PBXGroup;
			children = (
				48FBB1652BB5667B00EC2222 /* Auth */,
			);
			path = Controller;
			sourceTree = "<group>";
		};
		48FBB1652BB5667B00EC2222 /* Auth */ = {
			isa = PBXGroup;
			children = (
				48FBB1612BB5616000EC2222 /* AuthController.swift */,
				48FBB1622BB5616000EC2222 /* AuthController.xib */,
			);
			path = Auth;
			sourceTree = "<group>";
		};
		48FBB16E2BB69D3300EC2222 /* App */ = {
			isa = PBXGroup;
			children = (
				481569772B8F29E70077530D /* MobileId */,
			);
			path = App;
			sourceTree = "<group>";
		};
		6D7ED64BE29F24441ADD531A /* Frameworks */ = {
			isa = PBXGroup;
			children = (
				632464E47FF5DA66413C56BE /* Pods_MyIdLib.framework */,
				19AC2CA19C4FE9C7F24059D9 /* Pods_MyIdLib_MyIdLibTests.framework */,
			);
			name = Frameworks;
			sourceTree = "<group>";
		};
		9E2A8CBCF5D36C7FA8B65EA8 /* Pods */ = {
			isa = PBXGroup;
			children = (
				2B825861EE3E67C38CC89852 /* Pods-MyIdLib.debug.xcconfig */,
				0FE47CED50C39DFBAA1E3FEB /* Pods-MyIdLib.release.xcconfig */,
				BF1466FED393ADCA8AC33A89 /* Pods-MyIdLib-MyIdLibTests.debug.xcconfig */,
				F148586AE632A5DBC4234485 /* Pods-MyIdLib-MyIdLibTests.release.xcconfig */,
			);
			path = Pods;
			sourceTree = "<group>";
		};
/* End PBXGroup section */

/* Begin PBXHeadersBuildPhase section */
		4815687C2B8C4F5E0077530D /* Headers */ = {
			isa = PBXHeadersBuildPhase;
			buildActionMask = 2147483647;
			files = (
				481568922B8C4F5F0077530D /* MyIdLib.h in Headers */,
			);
			runOnlyForDeploymentPostprocessing = 0;
		};
/* End PBXHeadersBuildPhase section */

/* Begin PBXNativeTarget section */
		481568802B8C4F5E0077530D /* MyIdLib */ = {
			isa = PBXNativeTarget;
			buildConfigurationList = 481568952B8C4F5F0077530D /* Build configuration list for PBXNativeTarget "MyIdLib" */;
			buildPhases = (
				DF523F9FAF793B70DB7E988D /* [CP] Check Pods Manifest.lock */,
				4815687C2B8C4F5E0077530D /* Headers */,
				4815687D2B8C4F5E0077530D /* Sources */,
				4815687E2B8C4F5E0077530D /* Frameworks */,
				4815687F2B8C4F5E0077530D /* Resources */,
			);
			buildRules = (
			);
			dependencies = (
			);
			name = MyIdLib;
			productName = MyIdLib;
			productReference = 481568812B8C4F5E0077530D /* MyIdLib.framework */;
			productType = "com.apple.product-type.framework";
		};
		4815688A2B8C4F5F0077530D /* MyIdLibTests */ = {
			isa = PBXNativeTarget;
			buildConfigurationList = 481568982B8C4F5F0077530D /* Build configuration list for PBXNativeTarget "MyIdLibTests" */;
			buildPhases = (
				15E48278CABD450FEA2A1EFC /* [CP] Check Pods Manifest.lock */,
				481568872B8C4F5F0077530D /* Sources */,
				481568882B8C4F5F0077530D /* Frameworks */,
				481568892B8C4F5F0077530D /* Resources */,
				67337A79564A1A1F0CFD5FEC /* [CP] Embed Pods Frameworks */,
			);
			buildRules = (
			);
			dependencies = (
				4815688E2B8C4F5F0077530D /* PBXTargetDependency */,
			);
			name = MyIdLibTests;
			productName = MyIdLibTests;
			productReference = 4815688B2B8C4F5F0077530D /* MyIdLibTests.xctest */;
			productType = "com.apple.product-type.bundle.unit-test";
		};
		4815689E2B8C50280077530D /* MyIdExample */ = {
			isa = PBXNativeTarget;
			buildConfigurationList = 481568B22B8C50290077530D /* Build configuration list for PBXNativeTarget "MyIdExample" */;
			buildPhases = (
				4815689B2B8C50280077530D /* Sources */,
				4815689C2B8C50280077530D /* Frameworks */,
				4815689D2B8C50280077530D /* Resources */,
			);
			buildRules = (
			);
			dependencies = (
			);
			name = MyIdExample;
			productName = MyIdExample;
			productReference = 4815689F2B8C50280077530D /* MyIdExample.app */;
			productType = "com.apple.product-type.application";
		};
/* End PBXNativeTarget section */

/* Begin PBXProject section */
		481568782B8C4F5E0077530D /* Project object */ = {
			isa = PBXProject;
			attributes = {
				BuildIndependentTargetsInParallel = 1;
				LastSwiftUpdateCheck = 1420;
				LastUpgradeCheck = 1420;
				TargetAttributes = {
					481568802B8C4F5E0077530D = {
						CreatedOnToolsVersion = 14.2;
					};
					4815688A2B8C4F5F0077530D = {
						CreatedOnToolsVersion = 14.2;
					};
					4815689E2B8C50280077530D = {
						CreatedOnToolsVersion = 14.2;
					};
				};
			};
			buildConfigurationList = 4815687B2B8C4F5E0077530D /* Build configuration list for PBXProject "MyIdLib" */;
			compatibilityVersion = "Xcode 14.0";
			developmentRegion = en;
			hasScannedForEncodings = 0;
			knownRegions = (
				en,
				Base,
			);
			mainGroup = 481568772B8C4F5E0077530D;
			productRefGroup = 481568822B8C4F5E0077530D /* Products */;
			projectDirPath = "";
			projectRoot = "";
			targets = (
				481568802B8C4F5E0077530D /* MyIdLib */,
				4815688A2B8C4F5F0077530D /* MyIdLibTests */,
				4815689E2B8C50280077530D /* MyIdExample */,
			);
		};
/* End PBXProject section */

/* Begin PBXResourcesBuildPhase section */
		4815687F2B8C4F5E0077530D /* Resources */ = {
			isa = PBXResourcesBuildPhase;
			buildActionMask = 2147483647;
			files = (
				48FBB1642BB5616000EC2222 /* AuthController.xib in Resources */,
			);
			runOnlyForDeploymentPostprocessing = 0;
		};
		481568892B8C4F5F0077530D /* Resources */ = {
			isa = PBXResourcesBuildPhase;
			buildActionMask = 2147483647;
			files = (
			);
			runOnlyForDeploymentPostprocessing = 0;
		};
		4815689D2B8C50280077530D /* Resources */ = {
			isa = PBXResourcesBuildPhase;
			buildActionMask = 2147483647;
			files = (
				481568AE2B8C50290077530D /* LaunchScreen.storyboard in Resources */,
				481568AB2B8C50290077530D /* Assets.xcassets in Resources */,
				481568A92B8C50280077530D /* Main.storyboard in Resources */,
			);
			runOnlyForDeploymentPostprocessing = 0;
		};
/* End PBXResourcesBuildPhase section */

/* Begin PBXShellScriptBuildPhase section */
		15E48278CABD450FEA2A1EFC /* [CP] Check Pods Manifest.lock */ = {
			isa = PBXShellScriptBuildPhase;
			buildActionMask = 2147483647;
			files = (
			);
			inputFileListPaths = (
			);
			inputPaths = (
				"${PODS_PODFILE_DIR_PATH}/Podfile.lock",
				"${PODS_ROOT}/Manifest.lock",
			);
			name = "[CP] Check Pods Manifest.lock";
			outputFileListPaths = (
			);
			outputPaths = (
				"$(DERIVED_FILE_DIR)/Pods-MyIdLib-MyIdLibTests-checkManifestLockResult.txt",
			);
			runOnlyForDeploymentPostprocessing = 0;
			shellPath = /bin/sh;
			shellScript = "diff \"${PODS_PODFILE_DIR_PATH}/Podfile.lock\" \"${PODS_ROOT}/Manifest.lock\" > /dev/null\nif [ $? != 0 ] ; then\n    # print error to STDERR\n    echo \"error: The sandbox is not in sync with the Podfile.lock. Run 'pod install' or update your CocoaPods installation.\" >&2\n    exit 1\nfi\n# This output is used by Xcode 'outputs' to avoid re-running this script phase.\necho \"SUCCESS\" > \"${SCRIPT_OUTPUT_FILE_0}\"\n";
			showEnvVarsInLog = 0;
		};
		67337A79564A1A1F0CFD5FEC /* [CP] Embed Pods Frameworks */ = {
			isa = PBXShellScriptBuildPhase;
			buildActionMask = 2147483647;
			files = (
			);
			inputFileListPaths = (
				"${PODS_ROOT}/Target Support Files/Pods-MyIdLib-MyIdLibTests/Pods-MyIdLib-MyIdLibTests-frameworks-${CONFIGURATION}-input-files.xcfilelist",
			);
			name = "[CP] Embed Pods Frameworks";
			outputFileListPaths = (
				"${PODS_ROOT}/Target Support Files/Pods-MyIdLib-MyIdLibTests/Pods-MyIdLib-MyIdLibTests-frameworks-${CONFIGURATION}-output-files.xcfilelist",
			);
			runOnlyForDeploymentPostprocessing = 0;
			shellPath = /bin/sh;
			shellScript = "\"${PODS_ROOT}/Target Support Files/Pods-MyIdLib-MyIdLibTests/Pods-MyIdLib-MyIdLibTests-frameworks.sh\"\n";
			showEnvVarsInLog = 0;
		};
		DF523F9FAF793B70DB7E988D /* [CP] Check Pods Manifest.lock */ = {
			isa = PBXShellScriptBuildPhase;
			buildActionMask = 2147483647;
			files = (
			);
			inputFileListPaths = (
			);
			inputPaths = (
				"${PODS_PODFILE_DIR_PATH}/Podfile.lock",
				"${PODS_ROOT}/Manifest.lock",
			);
			name = "[CP] Check Pods Manifest.lock";
			outputFileListPaths = (
			);
			outputPaths = (
				"$(DERIVED_FILE_DIR)/Pods-MyIdLib-checkManifestLockResult.txt",
			);
			runOnlyForDeploymentPostprocessing = 0;
			shellPath = /bin/sh;
			shellScript = "diff \"${PODS_PODFILE_DIR_PATH}/Podfile.lock\" \"${PODS_ROOT}/Manifest.lock\" > /dev/null\nif [ $? != 0 ] ; then\n    # print error to STDERR\n    echo \"error: The sandbox is not in sync with the Podfile.lock. Run 'pod install' or update your CocoaPods installation.\" >&2\n    exit 1\nfi\n# This output is used by Xcode 'outputs' to avoid re-running this script phase.\necho \"SUCCESS\" > \"${SCRIPT_OUTPUT_FILE_0}\"\n";
			showEnvVarsInLog = 0;
		};
/* End PBXShellScriptBuildPhase section */

/* Begin PBXSourcesBuildPhase section */
		4815687D2B8C4F5E0077530D /* Sources */ = {
			isa = PBXSourcesBuildPhase;
			buildActionMask = 2147483647;
			files = (
				4815696A2B8DD0660077530D /* BaseResponse.swift in Sources */,
				48FBB1632BB5616000EC2222 /* AuthController.swift in Sources */,
				481568C72B8C7A120077530D /* UIView.swift in Sources */,
				481568B72B8C6FB50077530D /* MyIdLib.swift in Sources */,
				481568C52B8C79B10077530D /* XibView.swift in Sources */,
				481568C22B8C77100077530D /* Bundle.swift in Sources */,
				481568B52B8C6F070077530D /* MyIdLibConfig.swift in Sources */,
				481568862B8C4F5E0077530D /* MyIdLib.docc in Sources */,
				481569792B8F2A050077530D /* MobileIdApplication.swift in Sources */,
				48FBB1692BB5758200EC2222 /* MobileId.swift in Sources */,
				481569372B8CB2940077530D /* APIModel.swift in Sources */,
				48FBB16B2BB667F900EC2222 /* Keychain.swift in Sources */,
			);
			runOnlyForDeploymentPostprocessing = 0;
		};
		481568872B8C4F5F0077530D /* Sources */ = {
			isa = PBXSourcesBuildPhase;
			buildActionMask = 2147483647;
			files = (
				481568912B8C4F5F0077530D /* MyIdLibTests.swift in Sources */,
			);
			runOnlyForDeploymentPostprocessing = 0;
		};
		4815689B2B8C50280077530D /* Sources */ = {
			isa = PBXSourcesBuildPhase;
			buildActionMask = 2147483647;
			files = (
				481568A62B8C50280077530D /* ViewController.swift in Sources */,
				481568A22B8C50280077530D /* AppDelegate.swift in Sources */,
				481568A42B8C50280077530D /* SceneDelegate.swift in Sources */,
			);
			runOnlyForDeploymentPostprocessing = 0;
		};
/* End PBXSourcesBuildPhase section */

/* Begin PBXTargetDependency section */
		4815688E2B8C4F5F0077530D /* PBXTargetDependency */ = {
			isa = PBXTargetDependency;
			target = 481568802B8C4F5E0077530D /* MyIdLib */;
			targetProxy = 4815688D2B8C4F5F0077530D /* PBXContainerItemProxy */;
		};
/* End PBXTargetDependency section */

/* Begin PBXVariantGroup section */
		481568A72B8C50280077530D /* Main.storyboard */ = {
			isa = PBXVariantGroup;
			children = (
				481568A82B8C50280077530D /* Base */,
			);
			name = Main.storyboard;
			sourceTree = "<group>";
		};
		481568AC2B8C50290077530D /* LaunchScreen.storyboard */ = {
			isa = PBXVariantGroup;
			children = (
				481568AD2B8C50290077530D /* Base */,
			);
			name = LaunchScreen.storyboard;
			sourceTree = "<group>";
		};
/* End PBXVariantGroup section */

/* Begin XCBuildConfiguration section */
		481568932B8C4F5F0077530D /* Debug */ = {
			isa = XCBuildConfiguration;
			buildSettings = {
				ALWAYS_SEARCH_USER_PATHS = NO;
				CLANG_ANALYZER_NONNULL = YES;
				CLANG_ANALYZER_NUMBER_OBJECT_CONVERSION = YES_AGGRESSIVE;
				CLANG_CXX_LANGUAGE_STANDARD = "gnu++20";
				CLANG_ENABLE_MODULES = YES;
				CLANG_ENABLE_OBJC_ARC = YES;
				CLANG_ENABLE_OBJC_WEAK = YES;
				CLANG_WARN_BLOCK_CAPTURE_AUTORELEASING = YES;
				CLANG_WARN_BOOL_CONVERSION = YES;
				CLANG_WARN_COMMA = YES;
				CLANG_WARN_CONSTANT_CONVERSION = YES;
				CLANG_WARN_DEPRECATED_OBJC_IMPLEMENTATIONS = YES;
				CLANG_WARN_DIRECT_OBJC_ISA_USAGE = YES_ERROR;
				CLANG_WARN_DOCUMENTATION_COMMENTS = YES;
				CLANG_WARN_EMPTY_BODY = YES;
				CLANG_WARN_ENUM_CONVERSION = YES;
				CLANG_WARN_INFINITE_RECURSION = YES;
				CLANG_WARN_INT_CONVERSION = YES;
				CLANG_WARN_NON_LITERAL_NULL_CONVERSION = YES;
				CLANG_WARN_OBJC_IMPLICIT_RETAIN_SELF = YES;
				CLANG_WARN_OBJC_LITERAL_CONVERSION = YES;
				CLANG_WARN_OBJC_ROOT_CLASS = YES_ERROR;
				CLANG_WARN_QUOTED_INCLUDE_IN_FRAMEWORK_HEADER = YES;
				CLANG_WARN_RANGE_LOOP_ANALYSIS = YES;
				CLANG_WARN_STRICT_PROTOTYPES = YES;
				CLANG_WARN_SUSPICIOUS_MOVE = YES;
				CLANG_WARN_UNGUARDED_AVAILABILITY = YES_AGGRESSIVE;
				CLANG_WARN_UNREACHABLE_CODE = YES;
				CLANG_WARN__DUPLICATE_METHOD_MATCH = YES;
				COPY_PHASE_STRIP = NO;
				CURRENT_PROJECT_VERSION = 1;
				DEBUG_INFORMATION_FORMAT = dwarf;
				ENABLE_STRICT_OBJC_MSGSEND = YES;
				ENABLE_TESTABILITY = YES;
				GCC_C_LANGUAGE_STANDARD = gnu11;
				GCC_DYNAMIC_NO_PIC = NO;
				GCC_NO_COMMON_BLOCKS = YES;
				GCC_OPTIMIZATION_LEVEL = 0;
				GCC_PREPROCESSOR_DEFINITIONS = (
					"DEBUG=1",
					"$(inherited)",
				);
				GCC_WARN_64_TO_32_BIT_CONVERSION = YES;
				GCC_WARN_ABOUT_RETURN_TYPE = YES_ERROR;
				GCC_WARN_UNDECLARED_SELECTOR = YES;
				GCC_WARN_UNINITIALIZED_AUTOS = YES_AGGRESSIVE;
				GCC_WARN_UNUSED_FUNCTION = YES;
				GCC_WARN_UNUSED_VARIABLE = YES;
				IPHONEOS_DEPLOYMENT_TARGET = 12.0;
				MACOSX_DEPLOYMENT_TARGET = 11.0;
				MTL_ENABLE_DEBUG_INFO = INCLUDE_SOURCE;
				MTL_FAST_MATH = YES;
				ONLY_ACTIVE_ARCH = YES;
				SWIFT_ACTIVE_COMPILATION_CONDITIONS = DEBUG;
				SWIFT_OPTIMIZATION_LEVEL = "-Onone";
				VERSIONING_SYSTEM = "apple-generic";
				VERSION_INFO_PREFIX = "";
			};
			name = Debug;
		};
		481568942B8C4F5F0077530D /* Release */ = {
			isa = XCBuildConfiguration;
			buildSettings = {
				ALWAYS_SEARCH_USER_PATHS = NO;
				CLANG_ANALYZER_NONNULL = YES;
				CLANG_ANALYZER_NUMBER_OBJECT_CONVERSION = YES_AGGRESSIVE;
				CLANG_CXX_LANGUAGE_STANDARD = "gnu++20";
				CLANG_ENABLE_MODULES = YES;
				CLANG_ENABLE_OBJC_ARC = YES;
				CLANG_ENABLE_OBJC_WEAK = YES;
				CLANG_WARN_BLOCK_CAPTURE_AUTORELEASING = YES;
				CLANG_WARN_BOOL_CONVERSION = YES;
				CLANG_WARN_COMMA = YES;
				CLANG_WARN_CONSTANT_CONVERSION = YES;
				CLANG_WARN_DEPRECATED_OBJC_IMPLEMENTATIONS = YES;
				CLANG_WARN_DIRECT_OBJC_ISA_USAGE = YES_ERROR;
				CLANG_WARN_DOCUMENTATION_COMMENTS = YES;
				CLANG_WARN_EMPTY_BODY = YES;
				CLANG_WARN_ENUM_CONVERSION = YES;
				CLANG_WARN_INFINITE_RECURSION = YES;
				CLANG_WARN_INT_CONVERSION = YES;
				CLANG_WARN_NON_LITERAL_NULL_CONVERSION = YES;
				CLANG_WARN_OBJC_IMPLICIT_RETAIN_SELF = YES;
				CLANG_WARN_OBJC_LITERAL_CONVERSION = YES;
				CLANG_WARN_OBJC_ROOT_CLASS = YES_ERROR;
				CLANG_WARN_QUOTED_INCLUDE_IN_FRAMEWORK_HEADER = YES;
				CLANG_WARN_RANGE_LOOP_ANALYSIS = YES;
				CLANG_WARN_STRICT_PROTOTYPES = YES;
				CLANG_WARN_SUSPICIOUS_MOVE = YES;
				CLANG_WARN_UNGUARDED_AVAILABILITY = YES_AGGRESSIVE;
				CLANG_WARN_UNREACHABLE_CODE = YES;
				CLANG_WARN__DUPLICATE_METHOD_MATCH = YES;
				COPY_PHASE_STRIP = NO;
				CURRENT_PROJECT_VERSION = 1;
				DEBUG_INFORMATION_FORMAT = "dwarf-with-dsym";
				ENABLE_NS_ASSERTIONS = NO;
				ENABLE_STRICT_OBJC_MSGSEND = YES;
				GCC_C_LANGUAGE_STANDARD = gnu11;
				GCC_NO_COMMON_BLOCKS = YES;
				GCC_WARN_64_TO_32_BIT_CONVERSION = YES;
				GCC_WARN_ABOUT_RETURN_TYPE = YES_ERROR;
				GCC_WARN_UNDECLARED_SELECTOR = YES;
				GCC_WARN_UNINITIALIZED_AUTOS = YES_AGGRESSIVE;
				GCC_WARN_UNUSED_FUNCTION = YES;
				GCC_WARN_UNUSED_VARIABLE = YES;
				IPHONEOS_DEPLOYMENT_TARGET = 12.0;
				MACOSX_DEPLOYMENT_TARGET = 11.0;
				MTL_ENABLE_DEBUG_INFO = NO;
				MTL_FAST_MATH = YES;
				SWIFT_COMPILATION_MODE = wholemodule;
				SWIFT_OPTIMIZATION_LEVEL = "-O";
				VERSIONING_SYSTEM = "apple-generic";
				VERSION_INFO_PREFIX = "";
			};
			name = Release;
		};
		481568962B8C4F5F0077530D /* Debug */ = {
			isa = XCBuildConfiguration;
			baseConfigurationReference = 2B825861EE3E67C38CC89852 /* Pods-MyIdLib.debug.xcconfig */;
			buildSettings = {
				CODE_SIGN_STYLE = Automatic;
				CURRENT_PROJECT_VERSION = 1;
				DEFINES_MODULE = YES;
				DEVELOPMENT_TEAM = 8J9J8V53Z7;
				DYLIB_COMPATIBILITY_VERSION = 1;
				DYLIB_CURRENT_VERSION = 1;
				DYLIB_INSTALL_NAME_BASE = "@rpath";
				GENERATE_INFOPLIST_FILE = YES;
				INFOPLIST_KEY_NSHumanReadableCopyright = "";
				INSTALL_PATH = "$(LOCAL_LIBRARY_DIR)/Frameworks";
				IPHONEOS_DEPLOYMENT_TARGET = 12.0;
				LD_RUNPATH_SEARCH_PATHS = (
					"@executable_path/Frameworks",
					"@loader_path/Frameworks",
				);
				"LD_RUNPATH_SEARCH_PATHS[sdk=macosx*]" = (
					"@executable_path/../Frameworks",
					"@loader_path/Frameworks",
				);
				MACOSX_DEPLOYMENT_TARGET = 11.0;
				MARKETING_VERSION = 1.0;
				PRODUCT_BUNDLE_IDENTIFIER = vn.84soft.MyIdLib;
				PRODUCT_NAME = "$(TARGET_NAME:c99extidentifier)";
				SDKROOT = auto;
				SKIP_INSTALL = YES;
				SUPPORTED_PLATFORMS = "iphoneos iphonesimulator macosx";
				SWIFT_EMIT_LOC_STRINGS = YES;
				SWIFT_VERSION = 5.0;
				TARGETED_DEVICE_FAMILY = "1,2";
			};
			name = Debug;
		};
		481568972B8C4F5F0077530D /* Release */ = {
			isa = XCBuildConfiguration;
			baseConfigurationReference = 0FE47CED50C39DFBAA1E3FEB /* Pods-MyIdLib.release.xcconfig */;
			buildSettings = {
				CODE_SIGN_STYLE = Automatic;
				CURRENT_PROJECT_VERSION = 1;
				DEFINES_MODULE = YES;
				DEVELOPMENT_TEAM = 8J9J8V53Z7;
				DYLIB_COMPATIBILITY_VERSION = 1;
				DYLIB_CURRENT_VERSION = 1;
				DYLIB_INSTALL_NAME_BASE = "@rpath";
				GENERATE_INFOPLIST_FILE = YES;
				INFOPLIST_KEY_NSHumanReadableCopyright = "";
				INSTALL_PATH = "$(LOCAL_LIBRARY_DIR)/Frameworks";
				IPHONEOS_DEPLOYMENT_TARGET = 12.0;
				LD_RUNPATH_SEARCH_PATHS = (
					"@executable_path/Frameworks",
					"@loader_path/Frameworks",
				);
				"LD_RUNPATH_SEARCH_PATHS[sdk=macosx*]" = (
					"@executable_path/../Frameworks",
					"@loader_path/Frameworks",
				);
				MACOSX_DEPLOYMENT_TARGET = 11.0;
				MARKETING_VERSION = 1.0;
				PRODUCT_BUNDLE_IDENTIFIER = vn.84soft.MyIdLib;
				PRODUCT_NAME = "$(TARGET_NAME:c99extidentifier)";
				SDKROOT = auto;
				SKIP_INSTALL = YES;
				SUPPORTED_PLATFORMS = "iphoneos iphonesimulator macosx";
				SWIFT_EMIT_LOC_STRINGS = YES;
				SWIFT_VERSION = 5.0;
				TARGETED_DEVICE_FAMILY = "1,2";
			};
			name = Release;
		};
		481568992B8C4F5F0077530D /* Debug */ = {
			isa = XCBuildConfiguration;
			baseConfigurationReference = BF1466FED393ADCA8AC33A89 /* Pods-MyIdLib-MyIdLibTests.debug.xcconfig */;
			buildSettings = {
				ALWAYS_EMBED_SWIFT_STANDARD_LIBRARIES = YES;
				CODE_SIGN_STYLE = Automatic;
				CURRENT_PROJECT_VERSION = 1;
				DEVELOPMENT_TEAM = 8J9J8V53Z7;
				GENERATE_INFOPLIST_FILE = YES;
				IPHONEOS_DEPLOYMENT_TARGET = 16.2;
				MACOSX_DEPLOYMENT_TARGET = 12.7;
				MARKETING_VERSION = 1.0;
				PRODUCT_BUNDLE_IDENTIFIER = vn.84soft.MyIdLibTests;
				PRODUCT_NAME = "$(TARGET_NAME)";
				SDKROOT = auto;
				SUPPORTED_PLATFORMS = "iphoneos iphonesimulator macosx";
				SWIFT_EMIT_LOC_STRINGS = NO;
				SWIFT_VERSION = 5.0;
				TARGETED_DEVICE_FAMILY = "1,2";
			};
			name = Debug;
		};
		4815689A2B8C4F5F0077530D /* Release */ = {
			isa = XCBuildConfiguration;
			baseConfigurationReference = F148586AE632A5DBC4234485 /* Pods-MyIdLib-MyIdLibTests.release.xcconfig */;
			buildSettings = {
				ALWAYS_EMBED_SWIFT_STANDARD_LIBRARIES = YES;
				CODE_SIGN_STYLE = Automatic;
				CURRENT_PROJECT_VERSION = 1;
				DEVELOPMENT_TEAM = 8J9J8V53Z7;
				GENERATE_INFOPLIST_FILE = YES;
				IPHONEOS_DEPLOYMENT_TARGET = 16.2;
				MACOSX_DEPLOYMENT_TARGET = 12.7;
				MARKETING_VERSION = 1.0;
				PRODUCT_BUNDLE_IDENTIFIER = vn.84soft.MyIdLibTests;
				PRODUCT_NAME = "$(TARGET_NAME)";
				SDKROOT = auto;
				SUPPORTED_PLATFORMS = "iphoneos iphonesimulator macosx";
				SWIFT_EMIT_LOC_STRINGS = NO;
				SWIFT_VERSION = 5.0;
				TARGETED_DEVICE_FAMILY = "1,2";
			};
			name = Release;
		};
		481568B02B8C50290077530D /* Debug */ = {
			isa = XCBuildConfiguration;
			buildSettings = {
				ASSETCATALOG_COMPILER_APPICON_NAME = AppIcon;
				ASSETCATALOG_COMPILER_GLOBAL_ACCENT_COLOR_NAME = AccentColor;
				CODE_SIGN_STYLE = Automatic;
				CURRENT_PROJECT_VERSION = 1;
				DEVELOPMENT_TEAM = 8J9J8V53Z7;
				GENERATE_INFOPLIST_FILE = YES;
				INFOPLIST_FILE = MyIdExample/Info.plist;
				INFOPLIST_KEY_UIApplicationSupportsIndirectInputEvents = YES;
				INFOPLIST_KEY_UILaunchStoryboardName = LaunchScreen;
				INFOPLIST_KEY_UIMainStoryboardFile = Main;
				INFOPLIST_KEY_UISupportedInterfaceOrientations_iPad = "UIInterfaceOrientationPortrait UIInterfaceOrientationPortraitUpsideDown UIInterfaceOrientationLandscapeLeft UIInterfaceOrientationLandscapeRight";
				INFOPLIST_KEY_UISupportedInterfaceOrientations_iPhone = "UIInterfaceOrientationPortrait UIInterfaceOrientationLandscapeLeft UIInterfaceOrientationLandscapeRight";
				IPHONEOS_DEPLOYMENT_TARGET = 16.2;
				LD_RUNPATH_SEARCH_PATHS = (
					"$(inherited)",
					"@executable_path/Frameworks",
				);
				MARKETING_VERSION = 1.0;
				PRODUCT_BUNDLE_IDENTIFIER = vn.84soft.MyIdExample;
				PRODUCT_NAME = "$(TARGET_NAME)";
				SDKROOT = iphoneos;
				SWIFT_EMIT_LOC_STRINGS = YES;
				SWIFT_VERSION = 5.0;
				TARGETED_DEVICE_FAMILY = "1,2";
			};
			name = Debug;
		};
		481568B12B8C50290077530D /* Release */ = {
			isa = XCBuildConfiguration;
			buildSettings = {
				ASSETCATALOG_COMPILER_APPICON_NAME = AppIcon;
				ASSETCATALOG_COMPILER_GLOBAL_ACCENT_COLOR_NAME = AccentColor;
				CODE_SIGN_STYLE = Automatic;
				CURRENT_PROJECT_VERSION = 1;
				DEVELOPMENT_TEAM = 8J9J8V53Z7;
				GENERATE_INFOPLIST_FILE = YES;
				INFOPLIST_FILE = MyIdExample/Info.plist;
				INFOPLIST_KEY_UIApplicationSupportsIndirectInputEvents = YES;
				INFOPLIST_KEY_UILaunchStoryboardName = LaunchScreen;
				INFOPLIST_KEY_UIMainStoryboardFile = Main;
				INFOPLIST_KEY_UISupportedInterfaceOrientations_iPad = "UIInterfaceOrientationPortrait UIInterfaceOrientationPortraitUpsideDown UIInterfaceOrientationLandscapeLeft UIInterfaceOrientationLandscapeRight";
				INFOPLIST_KEY_UISupportedInterfaceOrientations_iPhone = "UIInterfaceOrientationPortrait UIInterfaceOrientationLandscapeLeft UIInterfaceOrientationLandscapeRight";
				IPHONEOS_DEPLOYMENT_TARGET = 16.2;
				LD_RUNPATH_SEARCH_PATHS = (
					"$(inherited)",
					"@executable_path/Frameworks",
				);
				MARKETING_VERSION = 1.0;
				PRODUCT_BUNDLE_IDENTIFIER = vn.84soft.MyIdExample;
				PRODUCT_NAME = "$(TARGET_NAME)";
				SDKROOT = iphoneos;
				SWIFT_EMIT_LOC_STRINGS = YES;
				SWIFT_VERSION = 5.0;
				TARGETED_DEVICE_FAMILY = "1,2";
				VALIDATE_PRODUCT = YES;
			};
			name = Release;
		};
/* End XCBuildConfiguration section */

/* Begin XCConfigurationList section */
		4815687B2B8C4F5E0077530D /* Build configuration list for PBXProject "MyIdLib" */ = {
			isa = XCConfigurationList;
			buildConfigurations = (
				481568932B8C4F5F0077530D /* Debug */,
				481568942B8C4F5F0077530D /* Release */,
			);
			defaultConfigurationIsVisible = 0;
			defaultConfigurationName = Release;
		};
		481568952B8C4F5F0077530D /* Build configuration list for PBXNativeTarget "MyIdLib" */ = {
			isa = XCConfigurationList;
			buildConfigurations = (
				481568962B8C4F5F0077530D /* Debug */,
				481568972B8C4F5F0077530D /* Release */,
			);
			defaultConfigurationIsVisible = 0;
			defaultConfigurationName = Release;
		};
		481568982B8C4F5F0077530D /* Build configuration list for PBXNativeTarget "MyIdLibTests" */ = {
			isa = XCConfigurationList;
			buildConfigurations = (
				481568992B8C4F5F0077530D /* Debug */,
				4815689A2B8C4F5F0077530D /* Release */,
			);
			defaultConfigurationIsVisible = 0;
			defaultConfigurationName = Release;
		};
		481568B22B8C50290077530D /* Build configuration list for PBXNativeTarget "MyIdExample" */ = {
			isa = XCConfigurationList;
			buildConfigurations = (
				481568B02B8C50290077530D /* Debug */,
				481568B12B8C50290077530D /* Release */,
			);
			defaultConfigurationIsVisible = 0;
			defaultConfigurationName = Release;
		};
/* End XCConfigurationList section */
	};
	rootObject = 481568782B8C4F5E0077530D /* Project object */;
}
